// !$*UTF8*$!
{
	archiveVersion = 1;
	classes = {
	};
	objectVersion = 46;
	objects = {

/* Begin PBXBuildFile section */
		210C37E51D1E1C5E005971FF /* AFHTTPRequestOperation.m in Sources */ = {isa = PBXBuildFile; fileRef = 210C37D11D1E1C5E005971FF /* AFHTTPRequestOperation.m */; };
		210C37E61D1E1C5E005971FF /* AFHTTPRequestOperationManager.m in Sources */ = {isa = PBXBuildFile; fileRef = 210C37D31D1E1C5E005971FF /* AFHTTPRequestOperationManager.m */; };
		210C37E71D1E1C5E005971FF /* AFHTTPSessionManager.m in Sources */ = {isa = PBXBuildFile; fileRef = 210C37D51D1E1C5E005971FF /* AFHTTPSessionManager.m */; };
		210C37E81D1E1C5E005971FF /* AFNetworkReachabilityManager.m in Sources */ = {isa = PBXBuildFile; fileRef = 210C37D81D1E1C5E005971FF /* AFNetworkReachabilityManager.m */; };
		210C37E91D1E1C5E005971FF /* AFSecurityPolicy.m in Sources */ = {isa = PBXBuildFile; fileRef = 210C37DA1D1E1C5E005971FF /* AFSecurityPolicy.m */; };
		210C37EA1D1E1C5E005971FF /* AFURLConnectionOperation.m in Sources */ = {isa = PBXBuildFile; fileRef = 210C37DC1D1E1C5E005971FF /* AFURLConnectionOperation.m */; };
		210C37EB1D1E1C5E005971FF /* AFURLRequestSerialization.m in Sources */ = {isa = PBXBuildFile; fileRef = 210C37DE1D1E1C5E005971FF /* AFURLRequestSerialization.m */; };
		210C37EC1D1E1C5E005971FF /* AFURLResponseSerialization.m in Sources */ = {isa = PBXBuildFile; fileRef = 210C37E01D1E1C5E005971FF /* AFURLResponseSerialization.m */; };
		210C37ED1D1E1C5E005971FF /* AFURLSessionManager.m in Sources */ = {isa = PBXBuildFile; fileRef = 210C37E21D1E1C5E005971FF /* AFURLSessionManager.m */; };
		210C37EE1D1E1C5E005971FF /* FSNetworkManager.m in Sources */ = {isa = PBXBuildFile; fileRef = 210C37E41D1E1C5E005971FF /* FSNetworkManager.m */; };
		210C38041D1E1CF5005971FF /* CocoaSecurity.m in Sources */ = {isa = PBXBuildFile; fileRef = 210C37F21D1E1CF5005971FF /* CocoaSecurity.m */; };
		210C38051D1E1CF5005971FF /* LICENSE in Resources */ = {isa = PBXBuildFile; fileRef = 210C37F31D1E1CF5005971FF /* LICENSE */; };
		210C38061D1E1CF5005971FF /* README.md in Sources */ = {isa = PBXBuildFile; fileRef = 210C37F41D1E1CF5005971FF /* README.md */; };
		210C38071D1E1CF5005971FF /* Base64.m in Sources */ = {isa = PBXBuildFile; fileRef = 210C37F91D1E1CF5005971FF /* Base64.m */; };
		210C38081D1E1CF5005971FF /* EncryptUtil.m in Sources */ = {isa = PBXBuildFile; fileRef = 210C37FC1D1E1CF5005971FF /* EncryptUtil.m */; };
		210C38091D1E1CF5005971FF /* ER3DESEncrypt.m in Sources */ = {isa = PBXBuildFile; fileRef = 210C37FE1D1E1CF5005971FF /* ER3DESEncrypt.m */; };
		210C380A1D1E1CF5005971FF /* GTMBase64.m in Sources */ = {isa = PBXBuildFile; fileRef = 210C38001D1E1CF5005971FF /* GTMBase64.m */; };
		210C380B1D1E1CF5005971FF /* NSString+Encrypt3DESandBase64.m in Sources */ = {isa = PBXBuildFile; fileRef = 210C38031D1E1CF5005971FF /* NSString+Encrypt3DESandBase64.m */; };
		210C380F1D1E1D01005971FF /* jpush-ios-2.1.6.a in Frameworks */ = {isa = PBXBuildFile; fileRef = 210C380D1D1E1D01005971FF /* jpush-ios-2.1.6.a */; };
		210C384E1D1E5C82005971FF /* BaseModel.m in Sources */ = {isa = PBXBuildFile; fileRef = 210C38171D1E5C82005971FF /* BaseModel.m */; };
		210C384F1D1E5C82005971FF /* NSDate+ToString.m in Sources */ = {isa = PBXBuildFile; fileRef = 210C381B1D1E5C82005971FF /* NSDate+ToString.m */; };
		210C38501D1E5C82005971FF /* NSObject+NSJSONSerialization.m in Sources */ = {isa = PBXBuildFile; fileRef = 210C381D1D1E5C82005971FF /* NSObject+NSJSONSerialization.m */; };
		210C38511D1E5C82005971FF /* NSString+Extension.m in Sources */ = {isa = PBXBuildFile; fileRef = 210C381F1D1E5C82005971FF /* NSString+Extension.m */; };
		210C38521D1E5C82005971FF /* GlobalVar.m in Sources */ = {isa = PBXBuildFile; fileRef = 210C38221D1E5C82005971FF /* GlobalVar.m */; };
		210C38531D1E5C82005971FF /* MBProgressHUD.m in Sources */ = {isa = PBXBuildFile; fileRef = 210C38261D1E5C82005971FF /* MBProgressHUD.m */; };
		210C38541D1E5C82005971FF /* HYScratchCardView.m in Sources */ = {isa = PBXBuildFile; fileRef = 210C38291D1E5C82005971FF /* HYScratchCardView.m */; };
		210C38551D1E5C82005971FF /* STScratchView.m in Sources */ = {isa = PBXBuildFile; fileRef = 210C382B1D1E5C82005971FF /* STScratchView.m */; };
		210C38561D1E5C82005971FF /* UIBaseTableViewCell.m in Sources */ = {isa = PBXBuildFile; fileRef = 210C382E1D1E5C82005971FF /* UIBaseTableViewCell.m */; };
		210C38571D1E5C82005971FF /* UIBaseTableViewController.m in Sources */ = {isa = PBXBuildFile; fileRef = 210C38301D1E5C82005971FF /* UIBaseTableViewController.m */; };
		210C38581D1E5C82005971FF /* UIBaseViewController.m in Sources */ = {isa = PBXBuildFile; fileRef = 210C38321D1E5C82005971FF /* UIBaseViewController.m */; };
		210C38591D1E5C82005971FF /* CALayer+Extension.m in Sources */ = {isa = PBXBuildFile; fileRef = 210C38351D1E5C82005971FF /* CALayer+Extension.m */; };
		210C385A1D1E5C82005971FF /* UIButton+Extension.m in Sources */ = {isa = PBXBuildFile; fileRef = 210C38371D1E5C82005971FF /* UIButton+Extension.m */; };
		210C385B1D1E5C82005971FF /* UIColor+Extension.m in Sources */ = {isa = PBXBuildFile; fileRef = 210C38391D1E5C82005971FF /* UIColor+Extension.m */; };
		210C385C1D1E5C82005971FF /* UIImage+ImageEffects.m in Sources */ = {isa = PBXBuildFile; fileRef = 210C383B1D1E5C82005971FF /* UIImage+ImageEffects.m */; };
		210C385D1D1E5C82005971FF /* UIImage+ResizeAndColor.m in Sources */ = {isa = PBXBuildFile; fileRef = 210C383D1D1E5C82005971FF /* UIImage+ResizeAndColor.m */; };
		210C385E1D1E5C82005971FF /* UIImageView+Extension.m in Sources */ = {isa = PBXBuildFile; fileRef = 210C383F1D1E5C82005971FF /* UIImageView+Extension.m */; };
		210C385F1D1E5C82005971FF /* UILabel+Extension.m in Sources */ = {isa = PBXBuildFile; fileRef = 210C38421D1E5C82005971FF /* UILabel+Extension.m */; };
		210C38601D1E5C82005971FF /* UINavigationBar+Extension.m in Sources */ = {isa = PBXBuildFile; fileRef = 210C38441D1E5C82005971FF /* UINavigationBar+Extension.m */; };
		210C38611D1E5C82005971FF /* UIView+Animation.m in Sources */ = {isa = PBXBuildFile; fileRef = 210C38461D1E5C82005971FF /* UIView+Animation.m */; };
		210C38621D1E5C82005971FF /* UIView+Category.m in Sources */ = {isa = PBXBuildFile; fileRef = 210C38481D1E5C82005971FF /* UIView+Category.m */; };
		210C38631D1E5C82005971FF /* UIView+Extension.m in Sources */ = {isa = PBXBuildFile; fileRef = 210C384A1D1E5C82005971FF /* UIView+Extension.m */; };
		210C38641D1E5C82005971FF /* UIView+ImageShot.m in Sources */ = {isa = PBXBuildFile; fileRef = 210C384C1D1E5C82005971FF /* UIView+ImageShot.m */; };
		213569971D5EEB0B0072301F /* UMMobClick.framework in Frameworks */ = {isa = PBXBuildFile; fileRef = 213569961D5EEB0B0072301F /* UMMobClick.framework */; };
		2148FC551D12A33A00CD862A /* ALARM1.WAV in Resources */ = {isa = PBXBuildFile; fileRef = 2148FC541D12A33A00CD862A /* ALARM1.WAV */; };
		2148FC591D12BB7500CD862A /* KeyChainUtil.m in Sources */ = {isa = PBXBuildFile; fileRef = 2148FC581D12BB7500CD862A /* KeyChainUtil.m */; };
		21711F011D1E13F50032D31C /* MessageUI.framework in Frameworks */ = {isa = PBXBuildFile; fileRef = 21711F001D1E13F50032D31C /* MessageUI.framework */; };
		21A1E4241C12BEE40048BBE4 /* main.m in Sources */ = {isa = PBXBuildFile; fileRef = 21A1E4231C12BEE40048BBE4 /* main.m */; };
		21A1E4271C12BEE40048BBE4 /* AppDelegate.m in Sources */ = {isa = PBXBuildFile; fileRef = 21A1E4261C12BEE40048BBE4 /* AppDelegate.m */; };
		21A1E42A1C12BEE40048BBE4 /* ViewController.m in Sources */ = {isa = PBXBuildFile; fileRef = 21A1E4291C12BEE40048BBE4 /* ViewController.m */; };
		21A1E42D1C12BEE40048BBE4 /* Main.storyboard in Resources */ = {isa = PBXBuildFile; fileRef = 21A1E42B1C12BEE40048BBE4 /* Main.storyboard */; };
		21A1E4321C12BEE40048BBE4 /* Assets.xcassets in Resources */ = {isa = PBXBuildFile; fileRef = 21A1E4311C12BEE40048BBE4 /* Assets.xcassets */; };
		21A1E4351C12BEE40048BBE4 /* LaunchScreen.storyboard in Resources */ = {isa = PBXBuildFile; fileRef = 21A1E4331C12BEE40048BBE4 /* LaunchScreen.storyboard */; };
		21A5CF731D447FED00B4F8F4 /* MOBFoundation.framework in Frameworks */ = {isa = PBXBuildFile; fileRef = 21A5CF711D447FED00B4F8F4 /* MOBFoundation.framework */; };
		21A5CF741D447FED00B4F8F4 /* SMS_SDK.framework in Frameworks */ = {isa = PBXBuildFile; fileRef = 21A5CF721D447FED00B4F8F4 /* SMS_SDK.framework */; };
		AD3848131D1A446B00510DC5 /* bg2.jpg in Resources */ = {isa = PBXBuildFile; fileRef = AD3848121D1A446B00510DC5 /* bg2.jpg */; };
		AD38484C1D1A792200510DC5 /* ShareSDK.framework in Frameworks */ = {isa = PBXBuildFile; fileRef = AD3848161D1A792200510DC5 /* ShareSDK.framework */; };
		AD38484D1D1A792200510DC5 /* ShareSDKExtension.framework in Frameworks */ = {isa = PBXBuildFile; fileRef = AD3848191D1A792200510DC5 /* ShareSDKExtension.framework */; };
		AD38484E1D1A792200510DC5 /* ShareSDKInterfaceAdapter.framework in Frameworks */ = {isa = PBXBuildFile; fileRef = AD38481A1D1A792200510DC5 /* ShareSDKInterfaceAdapter.framework */; };
		AD38484F1D1A792200510DC5 /* ShareSDKUI.bundle in Resources */ = {isa = PBXBuildFile; fileRef = AD38481B1D1A792200510DC5 /* ShareSDKUI.bundle */; };
		AD3848501D1A792200510DC5 /* ShareSDKUI.framework in Frameworks */ = {isa = PBXBuildFile; fileRef = AD38481C1D1A792200510DC5 /* ShareSDKUI.framework */; };
		AD3848511D1A792200510DC5 /* libAPOpenSdk.a in Frameworks */ = {isa = PBXBuildFile; fileRef = AD3848211D1A792200510DC5 /* libAPOpenSdk.a */; };
		AD3848521D1A792200510DC5 /* README.md in Sources */ = {isa = PBXBuildFile; fileRef = AD3848221D1A792200510DC5 /* README.md */; };
		AD3848531D1A792200510DC5 /* FBSDKMessengerShareKit.framework in Frameworks */ = {isa = PBXBuildFile; fileRef = AD3848241D1A792200510DC5 /* FBSDKMessengerShareKit.framework */; };
		AD3848541D1A792200510DC5 /* KakaoOpenSDK.framework in Frameworks */ = {isa = PBXBuildFile; fileRef = AD3848261D1A792200510DC5 /* KakaoOpenSDK.framework */; };
		AD3848551D1A792200510DC5 /* TencentOpenAPI.framework in Frameworks */ = {isa = PBXBuildFile; fileRef = AD3848281D1A792200510DC5 /* TencentOpenAPI.framework */; };
		AD3848561D1A792200510DC5 /* TencentOpenApi_IOS_Bundle.bundle in Resources */ = {isa = PBXBuildFile; fileRef = AD3848291D1A792200510DC5 /* TencentOpenApi_IOS_Bundle.bundle */; };
		AD3848571D1A792200510DC5 /* RennSDK.bundle in Resources */ = {isa = PBXBuildFile; fileRef = AD38482B1D1A792200510DC5 /* RennSDK.bundle */; };
		AD3848581D1A792200510DC5 /* RennSDK.framework in Frameworks */ = {isa = PBXBuildFile; fileRef = AD38482C1D1A792200510DC5 /* RennSDK.framework */; };
		AD3848591D1A792200510DC5 /* libWeiboSDK.a in Frameworks */ = {isa = PBXBuildFile; fileRef = AD38482E1D1A792200510DC5 /* libWeiboSDK.a */; };
		AD38485A1D1A792200510DC5 /* WeiboSDK.bundle in Resources */ = {isa = PBXBuildFile; fileRef = AD3848381D1A792200510DC5 /* WeiboSDK.bundle */; };
		AD38485B1D1A792200510DC5 /* libWeChatSDK.a in Frameworks */ = {isa = PBXBuildFile; fileRef = AD38483C1D1A792200510DC5 /* libWeChatSDK.a */; };
		AD38485C1D1A792200510DC5 /* read_me.txt in Resources */ = {isa = PBXBuildFile; fileRef = AD38483D1D1A792200510DC5 /* read_me.txt */; };
		AD38485D1D1A792200510DC5 /* libYixinSDK.a in Frameworks */ = {isa = PBXBuildFile; fileRef = AD3848421D1A792200510DC5 /* libYixinSDK.a */; };
		AD38485F1D1A792200510DC5 /* ShareSDK.bundle in Resources */ = {isa = PBXBuildFile; fileRef = AD3848471D1A792200510DC5 /* ShareSDK.bundle */; };
		AD3848601D1A792200510DC5 /* ShareSDKConnector.framework in Frameworks */ = {isa = PBXBuildFile; fileRef = AD3848481D1A792200510DC5 /* ShareSDKConnector.framework */; };
		AD3848651D1A88DF00510DC5 /* libicucore.tbd in Frameworks */ = {isa = PBXBuildFile; fileRef = AD3848641D1A88DF00510DC5 /* libicucore.tbd */; };
		AD3848671D1A88E900510DC5 /* libz.tbd in Frameworks */ = {isa = PBXBuildFile; fileRef = AD3848661D1A88E900510DC5 /* libz.tbd */; };
		AD3848691D1A88F300510DC5 /* libstdc++.tbd in Frameworks */ = {isa = PBXBuildFile; fileRef = AD3848681D1A88F300510DC5 /* libstdc++.tbd */; };
		AD38486B1D1A890000510DC5 /* JavaScriptCore.framework in Frameworks */ = {isa = PBXBuildFile; fileRef = AD38486A1D1A890000510DC5 /* JavaScriptCore.framework */; };
		AD38486D1D1A890D00510DC5 /* libsqlite3.tbd in Frameworks */ = {isa = PBXBuildFile; fileRef = AD38486C1D1A890D00510DC5 /* libsqlite3.tbd */; };
		AD38486F1D1A891E00510DC5 /* ImageIO.framework in Frameworks */ = {isa = PBXBuildFile; fileRef = AD38486E1D1A891E00510DC5 /* ImageIO.framework */; };
		AD3848711D1A892B00510DC5 /* AdSupport.framework in Frameworks */ = {isa = PBXBuildFile; fileRef = AD3848701D1A892B00510DC5 /* AdSupport.framework */; };
		AD39A4E81D113E10004E83D6 /* error stick.png in Resources */ = {isa = PBXBuildFile; fileRef = AD39A4E71D113E10004E83D6 /* error stick.png */; };
		AD39A4EA1D114606004E83D6 /* right stick.png in Resources */ = {isa = PBXBuildFile; fileRef = AD39A4E91D114606004E83D6 /* right stick.png */; };
/* End PBXBuildFile section */

/* Begin PBXContainerItemProxy section */
		21A1E43C1C12BEE40048BBE4 /* PBXContainerItemProxy */ = {
			isa = PBXContainerItemProxy;
			containerPortal = 21A1E4171C12BEE40048BBE4 /* Project object */;
			proxyType = 1;
			remoteGlobalIDString = 21A1E41E1C12BEE40048BBE4;
			remoteInfo = iPlayer;
		};
		21A1E4471C12BEE40048BBE4 /* PBXContainerItemProxy */ = {
			isa = PBXContainerItemProxy;
			containerPortal = 21A1E4171C12BEE40048BBE4 /* Project object */;
			proxyType = 1;
			remoteGlobalIDString = 21A1E41E1C12BEE40048BBE4;
			remoteInfo = iPlayer;
		};
/* End PBXContainerItemProxy section */

/* Begin PBXFileReference section */
		210C37D01D1E1C5E005971FF /* AFHTTPRequestOperation.h */ = {isa = PBXFileReference; fileEncoding = 4; lastKnownFileType = sourcecode.c.h; path = AFHTTPRequestOperation.h; sourceTree = "<group>"; };
		210C37D11D1E1C5E005971FF /* AFHTTPRequestOperation.m */ = {isa = PBXFileReference; fileEncoding = 4; lastKnownFileType = sourcecode.c.objc; path = AFHTTPRequestOperation.m; sourceTree = "<group>"; };
		210C37D21D1E1C5E005971FF /* AFHTTPRequestOperationManager.h */ = {isa = PBXFileReference; fileEncoding = 4; lastKnownFileType = sourcecode.c.h; path = AFHTTPRequestOperationManager.h; sourceTree = "<group>"; };
		210C37D31D1E1C5E005971FF /* AFHTTPRequestOperationManager.m */ = {isa = PBXFileReference; fileEncoding = 4; lastKnownFileType = sourcecode.c.objc; path = AFHTTPRequestOperationManager.m; sourceTree = "<group>"; };
		210C37D41D1E1C5E005971FF /* AFHTTPSessionManager.h */ = {isa = PBXFileReference; fileEncoding = 4; lastKnownFileType = sourcecode.c.h; path = AFHTTPSessionManager.h; sourceTree = "<group>"; };
		210C37D51D1E1C5E005971FF /* AFHTTPSessionManager.m */ = {isa = PBXFileReference; fileEncoding = 4; lastKnownFileType = sourcecode.c.objc; path = AFHTTPSessionManager.m; sourceTree = "<group>"; };
		210C37D61D1E1C5E005971FF /* AFNetworking.h */ = {isa = PBXFileReference; fileEncoding = 4; lastKnownFileType = sourcecode.c.h; path = AFNetworking.h; sourceTree = "<group>"; };
		210C37D71D1E1C5E005971FF /* AFNetworkReachabilityManager.h */ = {isa = PBXFileReference; fileEncoding = 4; lastKnownFileType = sourcecode.c.h; path = AFNetworkReachabilityManager.h; sourceTree = "<group>"; };
		210C37D81D1E1C5E005971FF /* AFNetworkReachabilityManager.m */ = {isa = PBXFileReference; fileEncoding = 4; lastKnownFileType = sourcecode.c.objc; path = AFNetworkReachabilityManager.m; sourceTree = "<group>"; };
		210C37D91D1E1C5E005971FF /* AFSecurityPolicy.h */ = {isa = PBXFileReference; fileEncoding = 4; lastKnownFileType = sourcecode.c.h; path = AFSecurityPolicy.h; sourceTree = "<group>"; };
		210C37DA1D1E1C5E005971FF /* AFSecurityPolicy.m */ = {isa = PBXFileReference; fileEncoding = 4; lastKnownFileType = sourcecode.c.objc; path = AFSecurityPolicy.m; sourceTree = "<group>"; };
		210C37DB1D1E1C5E005971FF /* AFURLConnectionOperation.h */ = {isa = PBXFileReference; fileEncoding = 4; lastKnownFileType = sourcecode.c.h; path = AFURLConnectionOperation.h; sourceTree = "<group>"; };
		210C37DC1D1E1C5E005971FF /* AFURLConnectionOperation.m */ = {isa = PBXFileReference; fileEncoding = 4; lastKnownFileType = sourcecode.c.objc; path = AFURLConnectionOperation.m; sourceTree = "<group>"; };
		210C37DD1D1E1C5E005971FF /* AFURLRequestSerialization.h */ = {isa = PBXFileReference; fileEncoding = 4; lastKnownFileType = sourcecode.c.h; path = AFURLRequestSerialization.h; sourceTree = "<group>"; };
		210C37DE1D1E1C5E005971FF /* AFURLRequestSerialization.m */ = {isa = PBXFileReference; fileEncoding = 4; lastKnownFileType = sourcecode.c.objc; path = AFURLRequestSerialization.m; sourceTree = "<group>"; };
		210C37DF1D1E1C5E005971FF /* AFURLResponseSerialization.h */ = {isa = PBXFileReference; fileEncoding = 4; lastKnownFileType = sourcecode.c.h; path = AFURLResponseSerialization.h; sourceTree = "<group>"; };
		210C37E01D1E1C5E005971FF /* AFURLResponseSerialization.m */ = {isa = PBXFileReference; fileEncoding = 4; lastKnownFileType = sourcecode.c.objc; path = AFURLResponseSerialization.m; sourceTree = "<group>"; };
		210C37E11D1E1C5E005971FF /* AFURLSessionManager.h */ = {isa = PBXFileReference; fileEncoding = 4; lastKnownFileType = sourcecode.c.h; path = AFURLSessionManager.h; sourceTree = "<group>"; };
		210C37E21D1E1C5E005971FF /* AFURLSessionManager.m */ = {isa = PBXFileReference; fileEncoding = 4; lastKnownFileType = sourcecode.c.objc; path = AFURLSessionManager.m; sourceTree = "<group>"; };
		210C37E31D1E1C5E005971FF /* FSNetworkManager.h */ = {isa = PBXFileReference; fileEncoding = 4; lastKnownFileType = sourcecode.c.h; path = FSNetworkManager.h; sourceTree = "<group>"; };
		210C37E41D1E1C5E005971FF /* FSNetworkManager.m */ = {isa = PBXFileReference; fileEncoding = 4; lastKnownFileType = sourcecode.c.objc; path = FSNetworkManager.m; sourceTree = "<group>"; };
		210C37F11D1E1CF5005971FF /* CocoaSecurity.h */ = {isa = PBXFileReference; fileEncoding = 4; lastKnownFileType = sourcecode.c.h; path = CocoaSecurity.h; sourceTree = "<group>"; };
		210C37F21D1E1CF5005971FF /* CocoaSecurity.m */ = {isa = PBXFileReference; fileEncoding = 4; lastKnownFileType = sourcecode.c.objc; path = CocoaSecurity.m; sourceTree = "<group>"; };
		210C37F31D1E1CF5005971FF /* LICENSE */ = {isa = PBXFileReference; fileEncoding = 4; lastKnownFileType = text; path = LICENSE; sourceTree = "<group>"; };
		210C37F41D1E1CF5005971FF /* README.md */ = {isa = PBXFileReference; fileEncoding = 4; lastKnownFileType = net.daringfireball.markdown; path = README.md; sourceTree = "<group>"; };
		210C37F81D1E1CF5005971FF /* Base64.h */ = {isa = PBXFileReference; fileEncoding = 4; lastKnownFileType = sourcecode.c.h; path = Base64.h; sourceTree = "<group>"; };
		210C37F91D1E1CF5005971FF /* Base64.m */ = {isa = PBXFileReference; fileEncoding = 4; lastKnownFileType = sourcecode.c.objc; path = Base64.m; sourceTree = "<group>"; };
		210C37FB1D1E1CF5005971FF /* EncryptUtil.h */ = {isa = PBXFileReference; fileEncoding = 4; lastKnownFileType = sourcecode.c.h; path = EncryptUtil.h; sourceTree = "<group>"; };
		210C37FC1D1E1CF5005971FF /* EncryptUtil.m */ = {isa = PBXFileReference; fileEncoding = 4; lastKnownFileType = sourcecode.c.objc; path = EncryptUtil.m; sourceTree = "<group>"; };
		210C37FD1D1E1CF5005971FF /* ER3DESEncrypt.h */ = {isa = PBXFileReference; fileEncoding = 4; lastKnownFileType = sourcecode.c.h; path = ER3DESEncrypt.h; sourceTree = "<group>"; };
		210C37FE1D1E1CF5005971FF /* ER3DESEncrypt.m */ = {isa = PBXFileReference; fileEncoding = 4; lastKnownFileType = sourcecode.c.objc; path = ER3DESEncrypt.m; sourceTree = "<group>"; };
		210C37FF1D1E1CF5005971FF /* GTMBase64.h */ = {isa = PBXFileReference; fileEncoding = 4; lastKnownFileType = sourcecode.c.h; path = GTMBase64.h; sourceTree = "<group>"; };
		210C38001D1E1CF5005971FF /* GTMBase64.m */ = {isa = PBXFileReference; fileEncoding = 4; lastKnownFileType = sourcecode.c.objc; path = GTMBase64.m; sourceTree = "<group>"; };
		210C38011D1E1CF5005971FF /* GTMDefines.h */ = {isa = PBXFileReference; fileEncoding = 4; lastKnownFileType = sourcecode.c.h; path = GTMDefines.h; sourceTree = "<group>"; };
		210C38021D1E1CF5005971FF /* NSString+Encrypt3DESandBase64.h */ = {isa = PBXFileReference; fileEncoding = 4; lastKnownFileType = sourcecode.c.h; path = "NSString+Encrypt3DESandBase64.h"; sourceTree = "<group>"; };
		210C38031D1E1CF5005971FF /* NSString+Encrypt3DESandBase64.m */ = {isa = PBXFileReference; fileEncoding = 4; lastKnownFileType = sourcecode.c.objc; path = "NSString+Encrypt3DESandBase64.m"; sourceTree = "<group>"; };
		210C380D1D1E1D01005971FF /* jpush-ios-2.1.6.a */ = {isa = PBXFileReference; lastKnownFileType = archive.ar; path = "jpush-ios-2.1.6.a"; sourceTree = "<group>"; };
		210C380E1D1E1D01005971FF /* JPUSHService.h */ = {isa = PBXFileReference; fileEncoding = 4; lastKnownFileType = sourcecode.c.h; path = JPUSHService.h; sourceTree = "<group>"; };
		210C38161D1E5C82005971FF /* BaseModel.h */ = {isa = PBXFileReference; fileEncoding = 4; lastKnownFileType = sourcecode.c.h; path = BaseModel.h; sourceTree = "<group>"; };
		210C38171D1E5C82005971FF /* BaseModel.m */ = {isa = PBXFileReference; fileEncoding = 4; lastKnownFileType = sourcecode.c.objc; path = BaseModel.m; sourceTree = "<group>"; };
		210C38191D1E5C82005971FF /* FSFoundationExtension.h */ = {isa = PBXFileReference; fileEncoding = 4; lastKnownFileType = sourcecode.c.h; path = FSFoundationExtension.h; sourceTree = "<group>"; };
		210C381A1D1E5C82005971FF /* NSDate+ToString.h */ = {isa = PBXFileReference; fileEncoding = 4; lastKnownFileType = sourcecode.c.h; path = "NSDate+ToString.h"; sourceTree = "<group>"; };
		210C381B1D1E5C82005971FF /* NSDate+ToString.m */ = {isa = PBXFileReference; fileEncoding = 4; lastKnownFileType = sourcecode.c.objc; path = "NSDate+ToString.m"; sourceTree = "<group>"; };
		210C381C1D1E5C82005971FF /* NSObject+NSJSONSerialization.h */ = {isa = PBXFileReference; fileEncoding = 4; lastKnownFileType = sourcecode.c.h; path = "NSObject+NSJSONSerialization.h"; sourceTree = "<group>"; };
		210C381D1D1E5C82005971FF /* NSObject+NSJSONSerialization.m */ = {isa = PBXFileReference; fileEncoding = 4; lastKnownFileType = sourcecode.c.objc; path = "NSObject+NSJSONSerialization.m"; sourceTree = "<group>"; };
		210C381E1D1E5C82005971FF /* NSString+Extension.h */ = {isa = PBXFileReference; fileEncoding = 4; lastKnownFileType = sourcecode.c.h; path = "NSString+Extension.h"; sourceTree = "<group>"; };
		210C381F1D1E5C82005971FF /* NSString+Extension.m */ = {isa = PBXFileReference; fileEncoding = 4; lastKnownFileType = sourcecode.c.objc; path = "NSString+Extension.m"; sourceTree = "<group>"; };
		210C38201D1E5C82005971FF /* GlobalDefine.h */ = {isa = PBXFileReference; fileEncoding = 4; lastKnownFileType = sourcecode.c.h; path = GlobalDefine.h; sourceTree = "<group>"; };
		210C38211D1E5C82005971FF /* GlobalVar.h */ = {isa = PBXFileReference; fileEncoding = 4; lastKnownFileType = sourcecode.c.h; path = GlobalVar.h; sourceTree = "<group>"; };
		210C38221D1E5C82005971FF /* GlobalVar.m */ = {isa = PBXFileReference; fileEncoding = 4; lastKnownFileType = sourcecode.c.objc; path = GlobalVar.m; sourceTree = "<group>"; };
		210C38231D1E5C82005971FF /* Macros.h */ = {isa = PBXFileReference; fileEncoding = 4; lastKnownFileType = sourcecode.c.h; path = Macros.h; sourceTree = "<group>"; };
		210C38251D1E5C82005971FF /* MBProgressHUD.h */ = {isa = PBXFileReference; fileEncoding = 4; lastKnownFileType = sourcecode.c.h; path = MBProgressHUD.h; sourceTree = "<group>"; };
		210C38261D1E5C82005971FF /* MBProgressHUD.m */ = {isa = PBXFileReference; fileEncoding = 4; lastKnownFileType = sourcecode.c.objc; path = MBProgressHUD.m; sourceTree = "<group>"; };
		210C38281D1E5C82005971FF /* HYScratchCardView.h */ = {isa = PBXFileReference; fileEncoding = 4; lastKnownFileType = sourcecode.c.h; path = HYScratchCardView.h; sourceTree = "<group>"; };
		210C38291D1E5C82005971FF /* HYScratchCardView.m */ = {isa = PBXFileReference; fileEncoding = 4; lastKnownFileType = sourcecode.c.objc; path = HYScratchCardView.m; sourceTree = "<group>"; };
		210C382A1D1E5C82005971FF /* STScratchView.h */ = {isa = PBXFileReference; fileEncoding = 4; lastKnownFileType = sourcecode.c.h; path = STScratchView.h; sourceTree = "<group>"; };
		210C382B1D1E5C82005971FF /* STScratchView.m */ = {isa = PBXFileReference; fileEncoding = 4; lastKnownFileType = sourcecode.c.objc; path = STScratchView.m; sourceTree = "<group>"; };
		210C382C1D1E5C82005971FF /* Task.h */ = {isa = PBXFileReference; fileEncoding = 4; lastKnownFileType = sourcecode.c.h; path = Task.h; sourceTree = "<group>"; };
		210C382D1D1E5C82005971FF /* UIBaseTableViewCell.h */ = {isa = PBXFileReference; fileEncoding = 4; lastKnownFileType = sourcecode.c.h; path = UIBaseTableViewCell.h; sourceTree = "<group>"; };
		210C382E1D1E5C82005971FF /* UIBaseTableViewCell.m */ = {isa = PBXFileReference; fileEncoding = 4; lastKnownFileType = sourcecode.c.objc; path = UIBaseTableViewCell.m; sourceTree = "<group>"; };
		210C382F1D1E5C82005971FF /* UIBaseTableViewController.h */ = {isa = PBXFileReference; fileEncoding = 4; lastKnownFileType = sourcecode.c.h; path = UIBaseTableViewController.h; sourceTree = "<group>"; };
		210C38301D1E5C82005971FF /* UIBaseTableViewController.m */ = {isa = PBXFileReference; fileEncoding = 4; lastKnownFileType = sourcecode.c.objc; path = UIBaseTableViewController.m; sourceTree = "<group>"; };
		210C38311D1E5C82005971FF /* UIBaseViewController.h */ = {isa = PBXFileReference; fileEncoding = 4; lastKnownFileType = sourcecode.c.h; path = UIBaseViewController.h; sourceTree = "<group>"; };
		210C38321D1E5C82005971FF /* UIBaseViewController.m */ = {isa = PBXFileReference; fileEncoding = 4; lastKnownFileType = sourcecode.c.objc; path = UIBaseViewController.m; sourceTree = "<group>"; };
		210C38341D1E5C82005971FF /* CALayer+Extension.h */ = {isa = PBXFileReference; fileEncoding = 4; lastKnownFileType = sourcecode.c.h; path = "CALayer+Extension.h"; sourceTree = "<group>"; };
		210C38351D1E5C82005971FF /* CALayer+Extension.m */ = {isa = PBXFileReference; fileEncoding = 4; lastKnownFileType = sourcecode.c.objc; path = "CALayer+Extension.m"; sourceTree = "<group>"; };
		210C38361D1E5C82005971FF /* UIButton+Extension.h */ = {isa = PBXFileReference; fileEncoding = 4; lastKnownFileType = sourcecode.c.h; path = "UIButton+Extension.h"; sourceTree = "<group>"; };
		210C38371D1E5C82005971FF /* UIButton+Extension.m */ = {isa = PBXFileReference; fileEncoding = 4; lastKnownFileType = sourcecode.c.objc; path = "UIButton+Extension.m"; sourceTree = "<group>"; };
		210C38381D1E5C82005971FF /* UIColor+Extension.h */ = {isa = PBXFileReference; fileEncoding = 4; lastKnownFileType = sourcecode.c.h; path = "UIColor+Extension.h"; sourceTree = "<group>"; };
		210C38391D1E5C82005971FF /* UIColor+Extension.m */ = {isa = PBXFileReference; fileEncoding = 4; lastKnownFileType = sourcecode.c.objc; path = "UIColor+Extension.m"; sourceTree = "<group>"; };
		210C383A1D1E5C82005971FF /* UIImage+ImageEffects.h */ = {isa = PBXFileReference; fileEncoding = 4; lastKnownFileType = sourcecode.c.h; path = "UIImage+ImageEffects.h"; sourceTree = "<group>"; };
		210C383B1D1E5C82005971FF /* UIImage+ImageEffects.m */ = {isa = PBXFileReference; fileEncoding = 4; lastKnownFileType = sourcecode.c.objc; path = "UIImage+ImageEffects.m"; sourceTree = "<group>"; };
		210C383C1D1E5C82005971FF /* UIImage+ResizeAndColor.h */ = {isa = PBXFileReference; fileEncoding = 4; lastKnownFileType = sourcecode.c.h; path = "UIImage+ResizeAndColor.h"; sourceTree = "<group>"; };
		210C383D1D1E5C82005971FF /* UIImage+ResizeAndColor.m */ = {isa = PBXFileReference; fileEncoding = 4; lastKnownFileType = sourcecode.c.objc; path = "UIImage+ResizeAndColor.m"; sourceTree = "<group>"; };
		210C383E1D1E5C82005971FF /* UIImageView+Extension.h */ = {isa = PBXFileReference; fileEncoding = 4; lastKnownFileType = sourcecode.c.h; path = "UIImageView+Extension.h"; sourceTree = "<group>"; };
		210C383F1D1E5C82005971FF /* UIImageView+Extension.m */ = {isa = PBXFileReference; fileEncoding = 4; lastKnownFileType = sourcecode.c.objc; path = "UIImageView+Extension.m"; sourceTree = "<group>"; };
		210C38401D1E5C82005971FF /* UIKitExtension.h */ = {isa = PBXFileReference; fileEncoding = 4; lastKnownFileType = sourcecode.c.h; path = UIKitExtension.h; sourceTree = "<group>"; };
		210C38411D1E5C82005971FF /* UILabel+Extension.h */ = {isa = PBXFileReference; fileEncoding = 4; lastKnownFileType = sourcecode.c.h; path = "UILabel+Extension.h"; sourceTree = "<group>"; };
		210C38421D1E5C82005971FF /* UILabel+Extension.m */ = {isa = PBXFileReference; fileEncoding = 4; lastKnownFileType = sourcecode.c.objc; path = "UILabel+Extension.m"; sourceTree = "<group>"; };
		210C38431D1E5C82005971FF /* UINavigationBar+Extension.h */ = {isa = PBXFileReference; fileEncoding = 4; lastKnownFileType = sourcecode.c.h; path = "UINavigationBar+Extension.h"; sourceTree = "<group>"; };
		210C38441D1E5C82005971FF /* UINavigationBar+Extension.m */ = {isa = PBXFileReference; fileEncoding = 4; lastKnownFileType = sourcecode.c.objc; path = "UINavigationBar+Extension.m"; sourceTree = "<group>"; };
		210C38451D1E5C82005971FF /* UIView+Animation.h */ = {isa = PBXFileReference; fileEncoding = 4; lastKnownFileType = sourcecode.c.h; path = "UIView+Animation.h"; sourceTree = "<group>"; };
		210C38461D1E5C82005971FF /* UIView+Animation.m */ = {isa = PBXFileReference; fileEncoding = 4; lastKnownFileType = sourcecode.c.objc; path = "UIView+Animation.m"; sourceTree = "<group>"; };
		210C38471D1E5C82005971FF /* UIView+Category.h */ = {isa = PBXFileReference; fileEncoding = 4; lastKnownFileType = sourcecode.c.h; path = "UIView+Category.h"; sourceTree = "<group>"; };
		210C38481D1E5C82005971FF /* UIView+Category.m */ = {isa = PBXFileReference; fileEncoding = 4; lastKnownFileType = sourcecode.c.objc; path = "UIView+Category.m"; sourceTree = "<group>"; };
		210C38491D1E5C82005971FF /* UIView+Extension.h */ = {isa = PBXFileReference; fileEncoding = 4; lastKnownFileType = sourcecode.c.h; path = "UIView+Extension.h"; sourceTree = "<group>"; };
		210C384A1D1E5C82005971FF /* UIView+Extension.m */ = {isa = PBXFileReference; fileEncoding = 4; lastKnownFileType = sourcecode.c.objc; path = "UIView+Extension.m"; sourceTree = "<group>"; };
		210C384B1D1E5C82005971FF /* UIView+ImageShot.h */ = {isa = PBXFileReference; fileEncoding = 4; lastKnownFileType = sourcecode.c.h; path = "UIView+ImageShot.h"; sourceTree = "<group>"; };
		210C384C1D1E5C82005971FF /* UIView+ImageShot.m */ = {isa = PBXFileReference; fileEncoding = 4; lastKnownFileType = sourcecode.c.objc; path = "UIView+ImageShot.m"; sourceTree = "<group>"; };
		210C384D1D1E5C82005971FF /* UIMacros.h */ = {isa = PBXFileReference; fileEncoding = 4; lastKnownFileType = sourcecode.c.h; path = UIMacros.h; sourceTree = "<group>"; };
		213569961D5EEB0B0072301F /* UMMobClick.framework */ = {isa = PBXFileReference; lastKnownFileType = wrapper.framework; path = UMMobClick.framework; sourceTree = "<group>"; };
		213CB9EC1D16463B00DFA820 /* 任务.h */ = {isa = PBXFileReference; lastKnownFileType = sourcecode.c.h; name = "任务.h"; path = "iPlayer/任务.h"; sourceTree = "<group>"; };
		2148FC541D12A33A00CD862A /* ALARM1.WAV */ = {isa = PBXFileReference; lastKnownFileType = audio.wav; path = ALARM1.WAV; sourceTree = "<group>"; };
		2148FC571D12BB7500CD862A /* KeyChainUtil.h */ = {isa = PBXFileReference; fileEncoding = 4; lastKnownFileType = sourcecode.c.h; path = KeyChainUtil.h; sourceTree = "<group>"; };
		2148FC581D12BB7500CD862A /* KeyChainUtil.m */ = {isa = PBXFileReference; fileEncoding = 4; lastKnownFileType = sourcecode.c.objc; path = KeyChainUtil.m; sourceTree = "<group>"; };
		21711F001D1E13F50032D31C /* MessageUI.framework */ = {isa = PBXFileReference; lastKnownFileType = wrapper.framework; name = MessageUI.framework; path = System/Library/Frameworks/MessageUI.framework; sourceTree = SDKROOT; };
		21A1E41F1C12BEE40048BBE4 /* iPlayer.app */ = {isa = PBXFileReference; explicitFileType = wrapper.application; includeInIndex = 0; path = iPlayer.app; sourceTree = BUILT_PRODUCTS_DIR; };
		21A1E4231C12BEE40048BBE4 /* main.m */ = {isa = PBXFileReference; lastKnownFileType = sourcecode.c.objc; path = main.m; sourceTree = "<group>"; };
		21A1E4251C12BEE40048BBE4 /* AppDelegate.h */ = {isa = PBXFileReference; lastKnownFileType = sourcecode.c.h; path = AppDelegate.h; sourceTree = "<group>"; };
		21A1E4261C12BEE40048BBE4 /* AppDelegate.m */ = {isa = PBXFileReference; lastKnownFileType = sourcecode.c.objc; path = AppDelegate.m; sourceTree = "<group>"; };
		21A1E4281C12BEE40048BBE4 /* ViewController.h */ = {isa = PBXFileReference; lastKnownFileType = sourcecode.c.h; path = ViewController.h; sourceTree = "<group>"; };
		21A1E4291C12BEE40048BBE4 /* ViewController.m */ = {isa = PBXFileReference; lastKnownFileType = sourcecode.c.objc; path = ViewController.m; sourceTree = "<group>"; };
		21A1E42C1C12BEE40048BBE4 /* Base */ = {isa = PBXFileReference; lastKnownFileType = file.storyboard; name = Base; path = Base.lproj/Main.storyboard; sourceTree = "<group>"; };
		21A1E4311C12BEE40048BBE4 /* Assets.xcassets */ = {isa = PBXFileReference; lastKnownFileType = folder.assetcatalog; path = Assets.xcassets; sourceTree = "<group>"; };
		21A1E4341C12BEE40048BBE4 /* Base */ = {isa = PBXFileReference; lastKnownFileType = file.storyboard; name = Base; path = Base.lproj/LaunchScreen.storyboard; sourceTree = "<group>"; };
		21A1E4361C12BEE40048BBE4 /* Info.plist */ = {isa = PBXFileReference; lastKnownFileType = text.plist.xml; path = Info.plist; sourceTree = "<group>"; };
		21A1E43B1C12BEE40048BBE4 /* iPlayerTests.xctest */ = {isa = PBXFileReference; explicitFileType = wrapper.cfbundle; includeInIndex = 0; path = iPlayerTests.xctest; sourceTree = BUILT_PRODUCTS_DIR; };
		21A1E4461C12BEE40048BBE4 /* iPlayerUITests.xctest */ = {isa = PBXFileReference; explicitFileType = wrapper.cfbundle; includeInIndex = 0; path = iPlayerUITests.xctest; sourceTree = BUILT_PRODUCTS_DIR; };
		21A1E5181C12EDC70048BBE4 /* PrefixHeader.pch */ = {isa = PBXFileReference; lastKnownFileType = sourcecode.c.h; path = PrefixHeader.pch; sourceTree = "<group>"; };
		21A5CF711D447FED00B4F8F4 /* MOBFoundation.framework */ = {isa = PBXFileReference; lastKnownFileType = wrapper.framework; path = MOBFoundation.framework; sourceTree = "<group>"; };
		21A5CF721D447FED00B4F8F4 /* SMS_SDK.framework */ = {isa = PBXFileReference; lastKnownFileType = wrapper.framework; path = SMS_SDK.framework; sourceTree = "<group>"; };
		AD3848121D1A446B00510DC5 /* bg2.jpg */ = {isa = PBXFileReference; lastKnownFileType = image.jpeg; path = bg2.jpg; sourceTree = "<group>"; };
		AD3848161D1A792200510DC5 /* ShareSDK.framework */ = {isa = PBXFileReference; lastKnownFileType = wrapper.framework; path = ShareSDK.framework; sourceTree = "<group>"; };
		AD3848191D1A792200510DC5 /* ShareSDKExtension.framework */ = {isa = PBXFileReference; lastKnownFileType = wrapper.framework; path = ShareSDKExtension.framework; sourceTree = "<group>"; };
		AD38481A1D1A792200510DC5 /* ShareSDKInterfaceAdapter.framework */ = {isa = PBXFileReference; lastKnownFileType = wrapper.framework; path = ShareSDKInterfaceAdapter.framework; sourceTree = "<group>"; };
		AD38481B1D1A792200510DC5 /* ShareSDKUI.bundle */ = {isa = PBXFileReference; lastKnownFileType = "wrapper.plug-in"; path = ShareSDKUI.bundle; sourceTree = "<group>"; };
		AD38481C1D1A792200510DC5 /* ShareSDKUI.framework */ = {isa = PBXFileReference; lastKnownFileType = wrapper.framework; path = ShareSDKUI.framework; sourceTree = "<group>"; };
		AD38481F1D1A792200510DC5 /* APOpenAPI.h */ = {isa = PBXFileReference; fileEncoding = 4; lastKnownFileType = sourcecode.c.h; path = APOpenAPI.h; sourceTree = "<group>"; };
		AD3848201D1A792200510DC5 /* APOpenAPIObject.h */ = {isa = PBXFileReference; fileEncoding = 4; lastKnownFileType = sourcecode.c.h; path = APOpenAPIObject.h; sourceTree = "<group>"; };
		AD3848211D1A792200510DC5 /* libAPOpenSdk.a */ = {isa = PBXFileReference; lastKnownFileType = archive.ar; path = libAPOpenSdk.a; sourceTree = "<group>"; };
		AD3848221D1A792200510DC5 /* README.md */ = {isa = PBXFileReference; fileEncoding = 4; lastKnownFileType = net.daringfireball.markdown; path = README.md; sourceTree = "<group>"; };
		AD3848241D1A792200510DC5 /* FBSDKMessengerShareKit.framework */ = {isa = PBXFileReference; lastKnownFileType = wrapper.framework; path = FBSDKMessengerShareKit.framework; sourceTree = "<group>"; };
		AD3848261D1A792200510DC5 /* KakaoOpenSDK.framework */ = {isa = PBXFileReference; lastKnownFileType = wrapper.framework; path = KakaoOpenSDK.framework; sourceTree = "<group>"; };
		AD3848281D1A792200510DC5 /* TencentOpenAPI.framework */ = {isa = PBXFileReference; lastKnownFileType = wrapper.framework; path = TencentOpenAPI.framework; sourceTree = "<group>"; };
		AD3848291D1A792200510DC5 /* TencentOpenApi_IOS_Bundle.bundle */ = {isa = PBXFileReference; lastKnownFileType = "wrapper.plug-in"; path = TencentOpenApi_IOS_Bundle.bundle; sourceTree = "<group>"; };
		AD38482B1D1A792200510DC5 /* RennSDK.bundle */ = {isa = PBXFileReference; lastKnownFileType = "wrapper.plug-in"; path = RennSDK.bundle; sourceTree = "<group>"; };
		AD38482C1D1A792200510DC5 /* RennSDK.framework */ = {isa = PBXFileReference; lastKnownFileType = wrapper.framework; path = RennSDK.framework; sourceTree = "<group>"; };
		AD38482E1D1A792200510DC5 /* libWeiboSDK.a */ = {isa = PBXFileReference; lastKnownFileType = archive.ar; path = libWeiboSDK.a; sourceTree = "<group>"; };
		AD38482F1D1A792200510DC5 /* WBHttpRequest+WeiboGame.h */ = {isa = PBXFileReference; fileEncoding = 4; lastKnownFileType = sourcecode.c.h; path = "WBHttpRequest+WeiboGame.h"; sourceTree = "<group>"; };
		AD3848301D1A792200510DC5 /* WBHttpRequest+WeiboShare.h */ = {isa = PBXFileReference; fileEncoding = 4; lastKnownFileType = sourcecode.c.h; path = "WBHttpRequest+WeiboShare.h"; sourceTree = "<group>"; };
		AD3848311D1A792200510DC5 /* WBHttpRequest+WeiboToken.h */ = {isa = PBXFileReference; fileEncoding = 4; lastKnownFileType = sourcecode.c.h; path = "WBHttpRequest+WeiboToken.h"; sourceTree = "<group>"; };
		AD3848321D1A792200510DC5 /* WBHttpRequest+WeiboUser.h */ = {isa = PBXFileReference; fileEncoding = 4; lastKnownFileType = sourcecode.c.h; path = "WBHttpRequest+WeiboUser.h"; sourceTree = "<group>"; };
		AD3848331D1A792200510DC5 /* WBHttpRequest.h */ = {isa = PBXFileReference; fileEncoding = 4; lastKnownFileType = sourcecode.c.h; path = WBHttpRequest.h; sourceTree = "<group>"; };
		AD3848341D1A792200510DC5 /* WBSDKBasicButton.h */ = {isa = PBXFileReference; fileEncoding = 4; lastKnownFileType = sourcecode.c.h; path = WBSDKBasicButton.h; sourceTree = "<group>"; };
		AD3848351D1A792200510DC5 /* WBSDKCommentButton.h */ = {isa = PBXFileReference; fileEncoding = 4; lastKnownFileType = sourcecode.c.h; path = WBSDKCommentButton.h; sourceTree = "<group>"; };
		AD3848361D1A792200510DC5 /* WBSDKRelationshipButton.h */ = {isa = PBXFileReference; fileEncoding = 4; lastKnownFileType = sourcecode.c.h; path = WBSDKRelationshipButton.h; sourceTree = "<group>"; };
		AD3848371D1A792200510DC5 /* WeiboSDK+Statistics.h */ = {isa = PBXFileReference; fileEncoding = 4; lastKnownFileType = sourcecode.c.h; path = "WeiboSDK+Statistics.h"; sourceTree = "<group>"; };
		AD3848381D1A792200510DC5 /* WeiboSDK.bundle */ = {isa = PBXFileReference; lastKnownFileType = "wrapper.plug-in"; path = WeiboSDK.bundle; sourceTree = "<group>"; };
		AD3848391D1A792200510DC5 /* WeiboSDK.h */ = {isa = PBXFileReference; fileEncoding = 4; lastKnownFileType = sourcecode.c.h; path = WeiboSDK.h; sourceTree = "<group>"; };
		AD38483A1D1A792200510DC5 /* WeiboUser.h */ = {isa = PBXFileReference; fileEncoding = 4; lastKnownFileType = sourcecode.c.h; path = WeiboUser.h; sourceTree = "<group>"; };
		AD38483C1D1A792200510DC5 /* libWeChatSDK.a */ = {isa = PBXFileReference; lastKnownFileType = archive.ar; path = libWeChatSDK.a; sourceTree = "<group>"; };
		AD38483D1D1A792200510DC5 /* read_me.txt */ = {isa = PBXFileReference; fileEncoding = 4; lastKnownFileType = text; path = read_me.txt; sourceTree = "<group>"; };
		AD38483E1D1A792200510DC5 /* WechatAuthSDK.h */ = {isa = PBXFileReference; fileEncoding = 4; lastKnownFileType = sourcecode.c.h; path = WechatAuthSDK.h; sourceTree = "<group>"; };
		AD38483F1D1A792200510DC5 /* WXApi.h */ = {isa = PBXFileReference; fileEncoding = 4; lastKnownFileType = sourcecode.c.h; path = WXApi.h; sourceTree = "<group>"; };
		AD3848401D1A792200510DC5 /* WXApiObject.h */ = {isa = PBXFileReference; fileEncoding = 4; lastKnownFileType = sourcecode.c.h; path = WXApiObject.h; sourceTree = "<group>"; };
		AD3848421D1A792200510DC5 /* libYixinSDK.a */ = {isa = PBXFileReference; lastKnownFileType = archive.ar; path = libYixinSDK.a; sourceTree = "<group>"; };
		AD3848431D1A792200510DC5 /* YXApi.h */ = {isa = PBXFileReference; fileEncoding = 4; lastKnownFileType = sourcecode.c.h; path = YXApi.h; sourceTree = "<group>"; };
		AD3848441D1A792200510DC5 /* YXApiObject.h */ = {isa = PBXFileReference; fileEncoding = 4; lastKnownFileType = sourcecode.c.h; path = YXApiObject.h; sourceTree = "<group>"; };
		AD3848471D1A792200510DC5 /* ShareSDK.bundle */ = {isa = PBXFileReference; lastKnownFileType = "wrapper.plug-in"; path = ShareSDK.bundle; sourceTree = "<group>"; };
		AD3848481D1A792200510DC5 /* ShareSDKConnector.framework */ = {isa = PBXFileReference; lastKnownFileType = wrapper.framework; path = ShareSDKConnector.framework; sourceTree = "<group>"; };
		AD3848641D1A88DF00510DC5 /* libicucore.tbd */ = {isa = PBXFileReference; lastKnownFileType = "sourcecode.text-based-dylib-definition"; name = libicucore.tbd; path = usr/lib/libicucore.tbd; sourceTree = SDKROOT; };
		AD3848661D1A88E900510DC5 /* libz.tbd */ = {isa = PBXFileReference; lastKnownFileType = "sourcecode.text-based-dylib-definition"; name = libz.tbd; path = usr/lib/libz.tbd; sourceTree = SDKROOT; };
		AD3848681D1A88F300510DC5 /* libstdc++.tbd */ = {isa = PBXFileReference; lastKnownFileType = "sourcecode.text-based-dylib-definition"; name = "libstdc++.tbd"; path = "usr/lib/libstdc++.tbd"; sourceTree = SDKROOT; };
		AD38486A1D1A890000510DC5 /* JavaScriptCore.framework */ = {isa = PBXFileReference; lastKnownFileType = wrapper.framework; name = JavaScriptCore.framework; path = System/Library/Frameworks/JavaScriptCore.framework; sourceTree = SDKROOT; };
		AD38486C1D1A890D00510DC5 /* libsqlite3.tbd */ = {isa = PBXFileReference; lastKnownFileType = "sourcecode.text-based-dylib-definition"; name = libsqlite3.tbd; path = usr/lib/libsqlite3.tbd; sourceTree = SDKROOT; };
		AD38486E1D1A891E00510DC5 /* ImageIO.framework */ = {isa = PBXFileReference; lastKnownFileType = wrapper.framework; name = ImageIO.framework; path = System/Library/Frameworks/ImageIO.framework; sourceTree = SDKROOT; };
		AD3848701D1A892B00510DC5 /* AdSupport.framework */ = {isa = PBXFileReference; lastKnownFileType = wrapper.framework; name = AdSupport.framework; path = System/Library/Frameworks/AdSupport.framework; sourceTree = SDKROOT; };
		AD39A4E71D113E10004E83D6 /* error stick.png */ = {isa = PBXFileReference; lastKnownFileType = image.png; path = "error stick.png"; sourceTree = "<group>"; };
		AD39A4E91D114606004E83D6 /* right stick.png */ = {isa = PBXFileReference; lastKnownFileType = image.png; path = "right stick.png"; sourceTree = "<group>"; };
/* End PBXFileReference section */

/* Begin PBXFrameworksBuildPhase section */
		21A1E41C1C12BEE40048BBE4 /* Frameworks */ = {
			isa = PBXFrameworksBuildPhase;
			buildActionMask = 2147483647;
			files = (
				21A5CF731D447FED00B4F8F4 /* MOBFoundation.framework in Frameworks */,
				AD3848691D1A88F300510DC5 /* libstdc++.tbd in Frameworks */,
				AD38486B1D1A890000510DC5 /* JavaScriptCore.framework in Frameworks */,
				21711F011D1E13F50032D31C /* MessageUI.framework in Frameworks */,
				AD3848651D1A88DF00510DC5 /* libicucore.tbd in Frameworks */,
				AD38486D1D1A890D00510DC5 /* libsqlite3.tbd in Frameworks */,
				210C380F1D1E1D01005971FF /* jpush-ios-2.1.6.a in Frameworks */,
				AD38486F1D1A891E00510DC5 /* ImageIO.framework in Frameworks */,
				AD3848711D1A892B00510DC5 /* AdSupport.framework in Frameworks */,
				AD3848671D1A88E900510DC5 /* libz.tbd in Frameworks */,
				AD3848541D1A792200510DC5 /* KakaoOpenSDK.framework in Frameworks */,
				AD3848551D1A792200510DC5 /* TencentOpenAPI.framework in Frameworks */,
				AD3848601D1A792200510DC5 /* ShareSDKConnector.framework in Frameworks */,
				AD38485D1D1A792200510DC5 /* libYixinSDK.a in Frameworks */,
				AD38484E1D1A792200510DC5 /* ShareSDKInterfaceAdapter.framework in Frameworks */,
				AD3848581D1A792200510DC5 /* RennSDK.framework in Frameworks */,
				AD3848511D1A792200510DC5 /* libAPOpenSdk.a in Frameworks */,
				AD38485B1D1A792200510DC5 /* libWeChatSDK.a in Frameworks */,
				AD3848591D1A792200510DC5 /* libWeiboSDK.a in Frameworks */,
				AD38484C1D1A792200510DC5 /* ShareSDK.framework in Frameworks */,
				AD38484D1D1A792200510DC5 /* ShareSDKExtension.framework in Frameworks */,
				21A5CF741D447FED00B4F8F4 /* SMS_SDK.framework in Frameworks */,
				213569971D5EEB0B0072301F /* UMMobClick.framework in Frameworks */,
				AD3848531D1A792200510DC5 /* FBSDKMessengerShareKit.framework in Frameworks */,
				AD3848501D1A792200510DC5 /* ShareSDKUI.framework in Frameworks */,
			);
			runOnlyForDeploymentPostprocessing = 0;
		};
		21A1E4381C12BEE40048BBE4 /* Frameworks */ = {
			isa = PBXFrameworksBuildPhase;
			buildActionMask = 2147483647;
			files = (
			);
			runOnlyForDeploymentPostprocessing = 0;
		};
		21A1E4431C12BEE40048BBE4 /* Frameworks */ = {
			isa = PBXFrameworksBuildPhase;
			buildActionMask = 2147483647;
			files = (
			);
			runOnlyForDeploymentPostprocessing = 0;
		};
/* End PBXFrameworksBuildPhase section */

/* Begin PBXGroup section */
		210C37CE1D1E1C5E005971FF /* Network */ = {
			isa = PBXGroup;
			children = (
				210C37CF1D1E1C5E005971FF /* AFNetworking */,
				210C37E31D1E1C5E005971FF /* FSNetworkManager.h */,
				210C37E41D1E1C5E005971FF /* FSNetworkManager.m */,
			);
			path = Network;
			sourceTree = "<group>";
		};
		210C37CF1D1E1C5E005971FF /* AFNetworking */ = {
			isa = PBXGroup;
			children = (
				210C37D01D1E1C5E005971FF /* AFHTTPRequestOperation.h */,
				210C37D11D1E1C5E005971FF /* AFHTTPRequestOperation.m */,
				210C37D21D1E1C5E005971FF /* AFHTTPRequestOperationManager.h */,
				210C37D31D1E1C5E005971FF /* AFHTTPRequestOperationManager.m */,
				210C37D41D1E1C5E005971FF /* AFHTTPSessionManager.h */,
				210C37D51D1E1C5E005971FF /* AFHTTPSessionManager.m */,
				210C37D61D1E1C5E005971FF /* AFNetworking.h */,
				210C37D71D1E1C5E005971FF /* AFNetworkReachabilityManager.h */,
				210C37D81D1E1C5E005971FF /* AFNetworkReachabilityManager.m */,
				210C37D91D1E1C5E005971FF /* AFSecurityPolicy.h */,
				210C37DA1D1E1C5E005971FF /* AFSecurityPolicy.m */,
				210C37DB1D1E1C5E005971FF /* AFURLConnectionOperation.h */,
				210C37DC1D1E1C5E005971FF /* AFURLConnectionOperation.m */,
				210C37DD1D1E1C5E005971FF /* AFURLRequestSerialization.h */,
				210C37DE1D1E1C5E005971FF /* AFURLRequestSerialization.m */,
				210C37DF1D1E1C5E005971FF /* AFURLResponseSerialization.h */,
				210C37E01D1E1C5E005971FF /* AFURLResponseSerialization.m */,
				210C37E11D1E1C5E005971FF /* AFURLSessionManager.h */,
				210C37E21D1E1C5E005971FF /* AFURLSessionManager.m */,
			);
			path = AFNetworking;
			sourceTree = "<group>";
		};
		210C37EF1D1E1CF5005971FF /* CocoaSecurity */ = {
			isa = PBXGroup;
			children = (
				210C37F01D1E1CF5005971FF /* CocoaSecurity */,
				210C37F31D1E1CF5005971FF /* LICENSE */,
				210C37F41D1E1CF5005971FF /* README.md */,
				210C37F51D1E1CF5005971FF /* submodules */,
			);
			path = CocoaSecurity;
			sourceTree = "<group>";
		};
		210C37F01D1E1CF5005971FF /* CocoaSecurity */ = {
			isa = PBXGroup;
			children = (
				210C37F11D1E1CF5005971FF /* CocoaSecurity.h */,
				210C37F21D1E1CF5005971FF /* CocoaSecurity.m */,
			);
			path = CocoaSecurity;
			sourceTree = "<group>";
		};
		210C37F51D1E1CF5005971FF /* submodules */ = {
			isa = PBXGroup;
			children = (
				210C37F61D1E1CF5005971FF /* Base64 */,
			);
			path = submodules;
			sourceTree = "<group>";
		};
		210C37F61D1E1CF5005971FF /* Base64 */ = {
			isa = PBXGroup;
			children = (
				210C37F71D1E1CF5005971FF /* Base64 */,
			);
			path = Base64;
			sourceTree = "<group>";
		};
		210C37F71D1E1CF5005971FF /* Base64 */ = {
			isa = PBXGroup;
			children = (
				210C37F81D1E1CF5005971FF /* Base64.h */,
				210C37F91D1E1CF5005971FF /* Base64.m */,
			);
			path = Base64;
			sourceTree = "<group>";
		};
		210C37FA1D1E1CF5005971FF /* Encrypt */ = {
			isa = PBXGroup;
			children = (
				210C37FB1D1E1CF5005971FF /* EncryptUtil.h */,
				210C37FC1D1E1CF5005971FF /* EncryptUtil.m */,
				210C37FD1D1E1CF5005971FF /* ER3DESEncrypt.h */,
				210C37FE1D1E1CF5005971FF /* ER3DESEncrypt.m */,
				210C37FF1D1E1CF5005971FF /* GTMBase64.h */,
				210C38001D1E1CF5005971FF /* GTMBase64.m */,
				210C38011D1E1CF5005971FF /* GTMDefines.h */,
				210C38021D1E1CF5005971FF /* NSString+Encrypt3DESandBase64.h */,
				210C38031D1E1CF5005971FF /* NSString+Encrypt3DESandBase64.m */,
			);
			path = Encrypt;
			sourceTree = "<group>";
		};
		210C380C1D1E1D01005971FF /* lib */ = {
			isa = PBXGroup;
			children = (
				210C380D1D1E1D01005971FF /* jpush-ios-2.1.6.a */,
				210C380E1D1E1D01005971FF /* JPUSHService.h */,
			);
			path = lib;
			sourceTree = "<group>";
		};
		210C38151D1E5C82005971FF /* FSFoundation */ = {
			isa = PBXGroup;
			children = (
				210C38161D1E5C82005971FF /* BaseModel.h */,
				210C38171D1E5C82005971FF /* BaseModel.m */,
				210C38181D1E5C82005971FF /* FoundationExtension */,
				210C38201D1E5C82005971FF /* GlobalDefine.h */,
				210C38211D1E5C82005971FF /* GlobalVar.h */,
				210C38221D1E5C82005971FF /* GlobalVar.m */,
				210C38231D1E5C82005971FF /* Macros.h */,
				210C38241D1E5C82005971FF /* MBProgressHUD */,
				210C38271D1E5C82005971FF /* STScratchView */,
				210C382C1D1E5C82005971FF /* Task.h */,
				210C382D1D1E5C82005971FF /* UIBaseTableViewCell.h */,
				210C382E1D1E5C82005971FF /* UIBaseTableViewCell.m */,
				210C382F1D1E5C82005971FF /* UIBaseTableViewController.h */,
				210C38301D1E5C82005971FF /* UIBaseTableViewController.m */,
				210C38311D1E5C82005971FF /* UIBaseViewController.h */,
				210C38321D1E5C82005971FF /* UIBaseViewController.m */,
				210C38331D1E5C82005971FF /* UIKitExtionsion */,
				210C384D1D1E5C82005971FF /* UIMacros.h */,
			);
			path = FSFoundation;
			sourceTree = "<group>";
		};
		210C38181D1E5C82005971FF /* FoundationExtension */ = {
			isa = PBXGroup;
			children = (
				210C38191D1E5C82005971FF /* FSFoundationExtension.h */,
				210C381A1D1E5C82005971FF /* NSDate+ToString.h */,
				210C381B1D1E5C82005971FF /* NSDate+ToString.m */,
				210C381C1D1E5C82005971FF /* NSObject+NSJSONSerialization.h */,
				210C381D1D1E5C82005971FF /* NSObject+NSJSONSerialization.m */,
				210C381E1D1E5C82005971FF /* NSString+Extension.h */,
				210C381F1D1E5C82005971FF /* NSString+Extension.m */,
			);
			path = FoundationExtension;
			sourceTree = "<group>";
		};
		210C38241D1E5C82005971FF /* MBProgressHUD */ = {
			isa = PBXGroup;
			children = (
				210C38251D1E5C82005971FF /* MBProgressHUD.h */,
				210C38261D1E5C82005971FF /* MBProgressHUD.m */,
			);
			path = MBProgressHUD;
			sourceTree = "<group>";
		};
		210C38271D1E5C82005971FF /* STScratchView */ = {
			isa = PBXGroup;
			children = (
				210C38281D1E5C82005971FF /* HYScratchCardView.h */,
				210C38291D1E5C82005971FF /* HYScratchCardView.m */,
				210C382A1D1E5C82005971FF /* STScratchView.h */,
				210C382B1D1E5C82005971FF /* STScratchView.m */,
			);
			path = STScratchView;
			sourceTree = "<group>";
		};
		210C38331D1E5C82005971FF /* UIKitExtionsion */ = {
			isa = PBXGroup;
			children = (
				210C38341D1E5C82005971FF /* CALayer+Extension.h */,
				210C38351D1E5C82005971FF /* CALayer+Extension.m */,
				210C38361D1E5C82005971FF /* UIButton+Extension.h */,
				210C38371D1E5C82005971FF /* UIButton+Extension.m */,
				210C38381D1E5C82005971FF /* UIColor+Extension.h */,
				210C38391D1E5C82005971FF /* UIColor+Extension.m */,
				210C383A1D1E5C82005971FF /* UIImage+ImageEffects.h */,
				210C383B1D1E5C82005971FF /* UIImage+ImageEffects.m */,
				210C383C1D1E5C82005971FF /* UIImage+ResizeAndColor.h */,
				210C383D1D1E5C82005971FF /* UIImage+ResizeAndColor.m */,
				210C383E1D1E5C82005971FF /* UIImageView+Extension.h */,
				210C383F1D1E5C82005971FF /* UIImageView+Extension.m */,
				210C38401D1E5C82005971FF /* UIKitExtension.h */,
				210C38411D1E5C82005971FF /* UILabel+Extension.h */,
				210C38421D1E5C82005971FF /* UILabel+Extension.m */,
				210C38431D1E5C82005971FF /* UINavigationBar+Extension.h */,
				210C38441D1E5C82005971FF /* UINavigationBar+Extension.m */,
				210C38451D1E5C82005971FF /* UIView+Animation.h */,
				210C38461D1E5C82005971FF /* UIView+Animation.m */,
				210C38471D1E5C82005971FF /* UIView+Category.h */,
				210C38481D1E5C82005971FF /* UIView+Category.m */,
				210C38491D1E5C82005971FF /* UIView+Extension.h */,
				210C384A1D1E5C82005971FF /* UIView+Extension.m */,
				210C384B1D1E5C82005971FF /* UIView+ImageShot.h */,
				210C384C1D1E5C82005971FF /* UIView+ImageShot.m */,
			);
			path = UIKitExtionsion;
			sourceTree = "<group>";
		};
		2148FC561D12BB7500CD862A /* KeyChain */ = {
			isa = PBXGroup;
			children = (
				2148FC571D12BB7500CD862A /* KeyChainUtil.h */,
				2148FC581D12BB7500CD862A /* KeyChainUtil.m */,
			);
			path = KeyChain;
			sourceTree = "<group>";
		};
		21A1E4161C12BEE40048BBE4 = {
			isa = PBXGroup;
			children = (
				21711F001D1E13F50032D31C /* MessageUI.framework */,
				213CB9EC1D16463B00DFA820 /* 任务.h */,
				21A1E4211C12BEE40048BBE4 /* iPlayer */,
				21A1E4201C12BEE40048BBE4 /* Products */,
			);
			sourceTree = "<group>";
		};
		21A1E4201C12BEE40048BBE4 /* Products */ = {
			isa = PBXGroup;
			children = (
				21A1E41F1C12BEE40048BBE4 /* iPlayer.app */,
				21A1E43B1C12BEE40048BBE4 /* iPlayerTests.xctest */,
				21A1E4461C12BEE40048BBE4 /* iPlayerUITests.xctest */,
			);
			name = Products;
			sourceTree = "<group>";
		};
		21A1E4211C12BEE40048BBE4 /* iPlayer */ = {
			isa = PBXGroup;
			children = (
				210C38151D1E5C82005971FF /* FSFoundation */,
				210C380C1D1E1D01005971FF /* lib */,
				210C37EF1D1E1CF5005971FF /* CocoaSecurity */,
				210C37FA1D1E1CF5005971FF /* Encrypt */,
				210C37CE1D1E1C5E005971FF /* Network */,
				AD3848141D1A792200510DC5 /* ThirdParty */,
				2148FC541D12A33A00CD862A /* ALARM1.WAV */,
				AD39A4E91D114606004E83D6 /* right stick.png */,
				AD39A4E71D113E10004E83D6 /* error stick.png */,
				AD3848121D1A446B00510DC5 /* bg2.jpg */,
				21A1E4251C12BEE40048BBE4 /* AppDelegate.h */,
				21A1E4261C12BEE40048BBE4 /* AppDelegate.m */,
				21A1E4281C12BEE40048BBE4 /* ViewController.h */,
				21A1E4291C12BEE40048BBE4 /* ViewController.m */,
				21A1E42B1C12BEE40048BBE4 /* Main.storyboard */,
				21A1E4311C12BEE40048BBE4 /* Assets.xcassets */,
				21A1E4331C12BEE40048BBE4 /* LaunchScreen.storyboard */,
				21A1E4361C12BEE40048BBE4 /* Info.plist */,
				21A1E5181C12EDC70048BBE4 /* PrefixHeader.pch */,
				2148FC561D12BB7500CD862A /* KeyChain */,
				21A1E4221C12BEE40048BBE4 /* Supporting Files */,
			);
			path = iPlayer;
			sourceTree = "<group>";
		};
		21A1E4221C12BEE40048BBE4 /* Supporting Files */ = {
			isa = PBXGroup;
			children = (
				21A1E4231C12BEE40048BBE4 /* main.m */,
				213569961D5EEB0B0072301F /* UMMobClick.framework */,
				AD3848701D1A892B00510DC5 /* AdSupport.framework */,
				AD38486E1D1A891E00510DC5 /* ImageIO.framework */,
				AD38486C1D1A890D00510DC5 /* libsqlite3.tbd */,
				AD38486A1D1A890000510DC5 /* JavaScriptCore.framework */,
				AD3848681D1A88F300510DC5 /* libstdc++.tbd */,
				AD3848661D1A88E900510DC5 /* libz.tbd */,
				AD3848641D1A88DF00510DC5 /* libicucore.tbd */,
			);
			name = "Supporting Files";
			sourceTree = "<group>";
		};
		21A5CF701D447FED00B4F8F4 /* SMS_SDK */ = {
			isa = PBXGroup;
			children = (
				21A5CF711D447FED00B4F8F4 /* MOBFoundation.framework */,
				21A5CF721D447FED00B4F8F4 /* SMS_SDK.framework */,
			);
			path = SMS_SDK;
			sourceTree = "<group>";
		};
		AD3848141D1A792200510DC5 /* ThirdParty */ = {
			isa = PBXGroup;
			children = (
				21A5CF701D447FED00B4F8F4 /* SMS_SDK */,
				AD3848151D1A792200510DC5 /* ShareSDK */,
			);
			path = ThirdParty;
			sourceTree = "<group>";
		};
		AD3848151D1A792200510DC5 /* ShareSDK */ = {
			isa = PBXGroup;
			children = (
				AD3848161D1A792200510DC5 /* ShareSDK.framework */,
				AD3848171D1A792200510DC5 /* Support */,
			);
			path = ShareSDK;
			sourceTree = "<group>";
		};
		AD3848171D1A792200510DC5 /* Support */ = {
			isa = PBXGroup;
			children = (
				AD3848181D1A792200510DC5 /* Optional */,
				AD38481D1D1A792200510DC5 /* PlatformSDK */,
				AD3848451D1A792200510DC5 /* Required */,
			);
			path = Support;
			sourceTree = "<group>";
		};
		AD3848181D1A792200510DC5 /* Optional */ = {
			isa = PBXGroup;
			children = (
				AD3848191D1A792200510DC5 /* ShareSDKExtension.framework */,
				AD38481A1D1A792200510DC5 /* ShareSDKInterfaceAdapter.framework */,
				AD38481B1D1A792200510DC5 /* ShareSDKUI.bundle */,
				AD38481C1D1A792200510DC5 /* ShareSDKUI.framework */,
			);
			path = Optional;
			sourceTree = "<group>";
		};
		AD38481D1D1A792200510DC5 /* PlatformSDK */ = {
			isa = PBXGroup;
			children = (
				AD38481E1D1A792200510DC5 /* APSocialSDK */,
				AD3848231D1A792200510DC5 /* FacebookMessengerSDK */,
				AD3848251D1A792200510DC5 /* KaKaoSDK */,
				AD3848271D1A792200510DC5 /* QQSDK */,
				AD38482A1D1A792200510DC5 /* RenRenSDK */,
				AD38482D1D1A792200510DC5 /* SinaWeiboSDK */,
				AD38483B1D1A792200510DC5 /* WeChatSDK */,
				AD3848411D1A792200510DC5 /* YiXinSDK */,
			);
			path = PlatformSDK;
			sourceTree = "<group>";
		};
		AD38481E1D1A792200510DC5 /* APSocialSDK */ = {
			isa = PBXGroup;
			children = (
				AD38481F1D1A792200510DC5 /* APOpenAPI.h */,
				AD3848201D1A792200510DC5 /* APOpenAPIObject.h */,
				AD3848211D1A792200510DC5 /* libAPOpenSdk.a */,
				AD3848221D1A792200510DC5 /* README.md */,
			);
			path = APSocialSDK;
			sourceTree = "<group>";
		};
		AD3848231D1A792200510DC5 /* FacebookMessengerSDK */ = {
			isa = PBXGroup;
			children = (
				AD3848241D1A792200510DC5 /* FBSDKMessengerShareKit.framework */,
			);
			path = FacebookMessengerSDK;
			sourceTree = "<group>";
		};
		AD3848251D1A792200510DC5 /* KaKaoSDK */ = {
			isa = PBXGroup;
			children = (
				AD3848261D1A792200510DC5 /* KakaoOpenSDK.framework */,
			);
			path = KaKaoSDK;
			sourceTree = "<group>";
		};
		AD3848271D1A792200510DC5 /* QQSDK */ = {
			isa = PBXGroup;
			children = (
				AD3848281D1A792200510DC5 /* TencentOpenAPI.framework */,
				AD3848291D1A792200510DC5 /* TencentOpenApi_IOS_Bundle.bundle */,
			);
			path = QQSDK;
			sourceTree = "<group>";
		};
		AD38482A1D1A792200510DC5 /* RenRenSDK */ = {
			isa = PBXGroup;
			children = (
				AD38482B1D1A792200510DC5 /* RennSDK.bundle */,
				AD38482C1D1A792200510DC5 /* RennSDK.framework */,
			);
			path = RenRenSDK;
			sourceTree = "<group>";
		};
		AD38482D1D1A792200510DC5 /* SinaWeiboSDK */ = {
			isa = PBXGroup;
			children = (
				AD38482E1D1A792200510DC5 /* libWeiboSDK.a */,
				AD38482F1D1A792200510DC5 /* WBHttpRequest+WeiboGame.h */,
				AD3848301D1A792200510DC5 /* WBHttpRequest+WeiboShare.h */,
				AD3848311D1A792200510DC5 /* WBHttpRequest+WeiboToken.h */,
				AD3848321D1A792200510DC5 /* WBHttpRequest+WeiboUser.h */,
				AD3848331D1A792200510DC5 /* WBHttpRequest.h */,
				AD3848341D1A792200510DC5 /* WBSDKBasicButton.h */,
				AD3848351D1A792200510DC5 /* WBSDKCommentButton.h */,
				AD3848361D1A792200510DC5 /* WBSDKRelationshipButton.h */,
				AD3848371D1A792200510DC5 /* WeiboSDK+Statistics.h */,
				AD3848381D1A792200510DC5 /* WeiboSDK.bundle */,
				AD3848391D1A792200510DC5 /* WeiboSDK.h */,
				AD38483A1D1A792200510DC5 /* WeiboUser.h */,
			);
			path = SinaWeiboSDK;
			sourceTree = "<group>";
		};
		AD38483B1D1A792200510DC5 /* WeChatSDK */ = {
			isa = PBXGroup;
			children = (
				AD38483C1D1A792200510DC5 /* libWeChatSDK.a */,
				AD38483D1D1A792200510DC5 /* read_me.txt */,
				AD38483E1D1A792200510DC5 /* WechatAuthSDK.h */,
				AD38483F1D1A792200510DC5 /* WXApi.h */,
				AD3848401D1A792200510DC5 /* WXApiObject.h */,
			);
			path = WeChatSDK;
			sourceTree = "<group>";
		};
		AD3848411D1A792200510DC5 /* YiXinSDK */ = {
			isa = PBXGroup;
			children = (
				AD3848421D1A792200510DC5 /* libYixinSDK.a */,
				AD3848431D1A792200510DC5 /* YXApi.h */,
				AD3848441D1A792200510DC5 /* YXApiObject.h */,
			);
			path = YiXinSDK;
			sourceTree = "<group>";
		};
		AD3848451D1A792200510DC5 /* Required */ = {
			isa = PBXGroup;
			children = (
				AD3848471D1A792200510DC5 /* ShareSDK.bundle */,
				AD3848481D1A792200510DC5 /* ShareSDKConnector.framework */,
			);
			path = Required;
			sourceTree = "<group>";
		};
/* End PBXGroup section */

/* Begin PBXNativeTarget section */
		21A1E41E1C12BEE40048BBE4 /* iPlayer */ = {
			isa = PBXNativeTarget;
			buildConfigurationList = 21A1E44F1C12BEE40048BBE4 /* Build configuration list for PBXNativeTarget "iPlayer" */;
			buildPhases = (
				21A1E41B1C12BEE40048BBE4 /* Sources */,
				21A1E41C1C12BEE40048BBE4 /* Frameworks */,
				21A1E41D1C12BEE40048BBE4 /* Resources */,
			);
			buildRules = (
			);
			dependencies = (
			);
			name = iPlayer;
			productName = iPlayer;
			productReference = 21A1E41F1C12BEE40048BBE4 /* iPlayer.app */;
			productType = "com.apple.product-type.application";
		};
		21A1E43A1C12BEE40048BBE4 /* iPlayerTests */ = {
			isa = PBXNativeTarget;
			buildConfigurationList = 21A1E4521C12BEE40048BBE4 /* Build configuration list for PBXNativeTarget "iPlayerTests" */;
			buildPhases = (
				21A1E4371C12BEE40048BBE4 /* Sources */,
				21A1E4381C12BEE40048BBE4 /* Frameworks */,
				21A1E4391C12BEE40048BBE4 /* Resources */,
			);
			buildRules = (
			);
			dependencies = (
				21A1E43D1C12BEE40048BBE4 /* PBXTargetDependency */,
			);
			name = iPlayerTests;
			productName = iPlayerTests;
			productReference = 21A1E43B1C12BEE40048BBE4 /* iPlayerTests.xctest */;
			productType = "com.apple.product-type.bundle.unit-test";
		};
		21A1E4451C12BEE40048BBE4 /* iPlayerUITests */ = {
			isa = PBXNativeTarget;
			buildConfigurationList = 21A1E4551C12BEE40048BBE4 /* Build configuration list for PBXNativeTarget "iPlayerUITests" */;
			buildPhases = (
				21A1E4421C12BEE40048BBE4 /* Sources */,
				21A1E4431C12BEE40048BBE4 /* Frameworks */,
				21A1E4441C12BEE40048BBE4 /* Resources */,
			);
			buildRules = (
			);
			dependencies = (
				21A1E4481C12BEE40048BBE4 /* PBXTargetDependency */,
			);
			name = iPlayerUITests;
			productName = iPlayerUITests;
			productReference = 21A1E4461C12BEE40048BBE4 /* iPlayerUITests.xctest */;
			productType = "com.apple.product-type.bundle.ui-testing";
		};
/* End PBXNativeTarget section */

/* Begin PBXProject section */
		21A1E4171C12BEE40048BBE4 /* Project object */ = {
			isa = PBXProject;
			attributes = {
				LastUpgradeCheck = 0700;
				ORGANIZATIONNAME = wzf;
				TargetAttributes = {
					21A1E41E1C12BEE40048BBE4 = {
						CreatedOnToolsVersion = 7.0.1;
						DevelopmentTeam = 6T6K856R56;
						SystemCapabilities = {
							com.apple.BackgroundModes = {
								enabled = 1;
							};
						};
					};
					21A1E43A1C12BEE40048BBE4 = {
						CreatedOnToolsVersion = 7.0.1;
						TestTargetID = 21A1E41E1C12BEE40048BBE4;
					};
					21A1E4451C12BEE40048BBE4 = {
						CreatedOnToolsVersion = 7.0.1;
						TestTargetID = 21A1E41E1C12BEE40048BBE4;
					};
				};
			};
			buildConfigurationList = 21A1E41A1C12BEE40048BBE4 /* Build configuration list for PBXProject "iPlayer" */;
			compatibilityVersion = "Xcode 3.2";
			developmentRegion = English;
			hasScannedForEncodings = 0;
			knownRegions = (
				en,
				Base,
			);
			mainGroup = 21A1E4161C12BEE40048BBE4;
			productRefGroup = 21A1E4201C12BEE40048BBE4 /* Products */;
			projectDirPath = "";
			projectRoot = "";
			targets = (
				21A1E41E1C12BEE40048BBE4 /* iPlayer */,
				21A1E43A1C12BEE40048BBE4 /* iPlayerTests */,
				21A1E4451C12BEE40048BBE4 /* iPlayerUITests */,
			);
		};
/* End PBXProject section */

/* Begin PBXResourcesBuildPhase section */
		21A1E41D1C12BEE40048BBE4 /* Resources */ = {
			isa = PBXResourcesBuildPhase;
			buildActionMask = 2147483647;
			files = (
				21A1E4351C12BEE40048BBE4 /* LaunchScreen.storyboard in Resources */,
				AD3848561D1A792200510DC5 /* TencentOpenApi_IOS_Bundle.bundle in Resources */,
				210C38051D1E1CF5005971FF /* LICENSE in Resources */,
				21A1E4321C12BEE40048BBE4 /* Assets.xcassets in Resources */,
				AD39A4EA1D114606004E83D6 /* right stick.png in Resources */,
				AD38484F1D1A792200510DC5 /* ShareSDKUI.bundle in Resources */,
				AD39A4E81D113E10004E83D6 /* error stick.png in Resources */,
				2148FC551D12A33A00CD862A /* ALARM1.WAV in Resources */,
				AD38485C1D1A792200510DC5 /* read_me.txt in Resources */,
				21A1E42D1C12BEE40048BBE4 /* Main.storyboard in Resources */,
				AD3848571D1A792200510DC5 /* RennSDK.bundle in Resources */,
				AD3848131D1A446B00510DC5 /* bg2.jpg in Resources */,
				AD38485F1D1A792200510DC5 /* ShareSDK.bundle in Resources */,
				AD38485A1D1A792200510DC5 /* WeiboSDK.bundle in Resources */,
			);
			runOnlyForDeploymentPostprocessing = 0;
		};
		21A1E4391C12BEE40048BBE4 /* Resources */ = {
			isa = PBXResourcesBuildPhase;
			buildActionMask = 2147483647;
			files = (
			);
			runOnlyForDeploymentPostprocessing = 0;
		};
		21A1E4441C12BEE40048BBE4 /* Resources */ = {
			isa = PBXResourcesBuildPhase;
			buildActionMask = 2147483647;
			files = (
			);
			runOnlyForDeploymentPostprocessing = 0;
		};
/* End PBXResourcesBuildPhase section */

/* Begin PBXSourcesBuildPhase section */
		21A1E41B1C12BEE40048BBE4 /* Sources */ = {
			isa = PBXSourcesBuildPhase;
			buildActionMask = 2147483647;
			files = (
				210C37EA1D1E1C5E005971FF /* AFURLConnectionOperation.m in Sources */,
				210C38621D1E5C82005971FF /* UIView+Category.m in Sources */,
				21A1E42A1C12BEE40048BBE4 /* ViewController.m in Sources */,
				210C38561D1E5C82005971FF /* UIBaseTableViewCell.m in Sources */,
				210C37E91D1E1C5E005971FF /* AFSecurityPolicy.m in Sources */,
				210C38081D1E1CF5005971FF /* EncryptUtil.m in Sources */,
				210C38041D1E1CF5005971FF /* CocoaSecurity.m in Sources */,
				210C38571D1E5C82005971FF /* UIBaseTableViewController.m in Sources */,
				210C38521D1E5C82005971FF /* GlobalVar.m in Sources */,
				210C38531D1E5C82005971FF /* MBProgressHUD.m in Sources */,
				210C37E61D1E1C5E005971FF /* AFHTTPRequestOperationManager.m in Sources */,
				21A1E4271C12BEE40048BBE4 /* AppDelegate.m in Sources */,
				2148FC591D12BB7500CD862A /* KeyChainUtil.m in Sources */,
				210C38641D1E5C82005971FF /* UIView+ImageShot.m in Sources */,
				210C380B1D1E1CF5005971FF /* NSString+Encrypt3DESandBase64.m in Sources */,
				210C38071D1E1CF5005971FF /* Base64.m in Sources */,
				210C385C1D1E5C82005971FF /* UIImage+ImageEffects.m in Sources */,
				210C38631D1E5C82005971FF /* UIView+Extension.m in Sources */,
				210C38551D1E5C82005971FF /* STScratchView.m in Sources */,
				210C38091D1E1CF5005971FF /* ER3DESEncrypt.m in Sources */,
				210C38581D1E5C82005971FF /* UIBaseViewController.m in Sources */,
				210C38511D1E5C82005971FF /* NSString+Extension.m in Sources */,
				210C37ED1D1E1C5E005971FF /* AFURLSessionManager.m in Sources */,
				210C37EC1D1E1C5E005971FF /* AFURLResponseSerialization.m in Sources */,
				AD3848521D1A792200510DC5 /* README.md in Sources */,
				21A1E4241C12BEE40048BBE4 /* main.m in Sources */,
				210C37EB1D1E1C5E005971FF /* AFURLRequestSerialization.m in Sources */,
				210C37EE1D1E1C5E005971FF /* FSNetworkManager.m in Sources */,
				210C384E1D1E5C82005971FF /* BaseModel.m in Sources */,
				210C38601D1E5C82005971FF /* UINavigationBar+Extension.m in Sources */,
				210C385D1D1E5C82005971FF /* UIImage+ResizeAndColor.m in Sources */,
				210C38611D1E5C82005971FF /* UIView+Animation.m in Sources */,
				210C37E81D1E1C5E005971FF /* AFNetworkReachabilityManager.m in Sources */,
				210C385B1D1E5C82005971FF /* UIColor+Extension.m in Sources */,
				210C385E1D1E5C82005971FF /* UIImageView+Extension.m in Sources */,
				210C38591D1E5C82005971FF /* CALayer+Extension.m in Sources */,
				210C384F1D1E5C82005971FF /* NSDate+ToString.m in Sources */,
				210C385A1D1E5C82005971FF /* UIButton+Extension.m in Sources */,
				210C38501D1E5C82005971FF /* NSObject+NSJSONSerialization.m in Sources */,
				210C37E51D1E1C5E005971FF /* AFHTTPRequestOperation.m in Sources */,
				210C380A1D1E1CF5005971FF /* GTMBase64.m in Sources */,
				210C38541D1E5C82005971FF /* HYScratchCardView.m in Sources */,
				210C38061D1E1CF5005971FF /* README.md in Sources */,
				210C385F1D1E5C82005971FF /* UILabel+Extension.m in Sources */,
				210C37E71D1E1C5E005971FF /* AFHTTPSessionManager.m in Sources */,
			);
			runOnlyForDeploymentPostprocessing = 0;
		};
		21A1E4371C12BEE40048BBE4 /* Sources */ = {
			isa = PBXSourcesBuildPhase;
			buildActionMask = 2147483647;
			files = (
			);
			runOnlyForDeploymentPostprocessing = 0;
		};
		21A1E4421C12BEE40048BBE4 /* Sources */ = {
			isa = PBXSourcesBuildPhase;
			buildActionMask = 2147483647;
			files = (
			);
			runOnlyForDeploymentPostprocessing = 0;
		};
/* End PBXSourcesBuildPhase section */

/* Begin PBXTargetDependency section */
		21A1E43D1C12BEE40048BBE4 /* PBXTargetDependency */ = {
			isa = PBXTargetDependency;
			target = 21A1E41E1C12BEE40048BBE4 /* iPlayer */;
			targetProxy = 21A1E43C1C12BEE40048BBE4 /* PBXContainerItemProxy */;
		};
		21A1E4481C12BEE40048BBE4 /* PBXTargetDependency */ = {
			isa = PBXTargetDependency;
			target = 21A1E41E1C12BEE40048BBE4 /* iPlayer */;
			targetProxy = 21A1E4471C12BEE40048BBE4 /* PBXContainerItemProxy */;
		};
/* End PBXTargetDependency section */

/* Begin PBXVariantGroup section */
		21A1E42B1C12BEE40048BBE4 /* Main.storyboard */ = {
			isa = PBXVariantGroup;
			children = (
				21A1E42C1C12BEE40048BBE4 /* Base */,
			);
			name = Main.storyboard;
			sourceTree = "<group>";
		};
		21A1E4331C12BEE40048BBE4 /* LaunchScreen.storyboard */ = {
			isa = PBXVariantGroup;
			children = (
				21A1E4341C12BEE40048BBE4 /* Base */,
			);
			name = LaunchScreen.storyboard;
			sourceTree = "<group>";
		};
/* End PBXVariantGroup section */

/* Begin XCBuildConfiguration section */
		21A1E44D1C12BEE40048BBE4 /* Debug */ = {
			isa = XCBuildConfiguration;
			buildSettings = {
				ALWAYS_SEARCH_USER_PATHS = NO;
				CLANG_CXX_LANGUAGE_STANDARD = "gnu++0x";
				CLANG_CXX_LIBRARY = "libc++";
				CLANG_ENABLE_MODULES = YES;
				CLANG_ENABLE_OBJC_ARC = YES;
				CLANG_WARN_BOOL_CONVERSION = YES;
				CLANG_WARN_CONSTANT_CONVERSION = YES;
				CLANG_WARN_DIRECT_OBJC_ISA_USAGE = YES_ERROR;
				CLANG_WARN_EMPTY_BODY = YES;
				CLANG_WARN_ENUM_CONVERSION = YES;
				CLANG_WARN_INT_CONVERSION = YES;
				CLANG_WARN_OBJC_ROOT_CLASS = YES_ERROR;
				CLANG_WARN_UNREACHABLE_CODE = YES;
				CLANG_WARN__DUPLICATE_METHOD_MATCH = YES;
				CODE_SIGN_IDENTITY = "iPhone Distribution: Zhifang Weng (6T6K856R56)";
				"CODE_SIGN_IDENTITY[sdk=iphoneos*]" = "iPhone Distribution: Zhifang Weng (6T6K856R56)";
				COPY_PHASE_STRIP = NO;
				DEBUG_INFORMATION_FORMAT = dwarf;
				ENABLE_STRICT_OBJC_MSGSEND = YES;
				ENABLE_TESTABILITY = YES;
				GCC_C_LANGUAGE_STANDARD = gnu99;
				GCC_DYNAMIC_NO_PIC = NO;
				GCC_NO_COMMON_BLOCKS = YES;
				GCC_OPTIMIZATION_LEVEL = 0;
				GCC_PREPROCESSOR_DEFINITIONS = (
					"DEBUG=1",
					"$(inherited)",
				);
				GCC_WARN_64_TO_32_BIT_CONVERSION = YES;
				GCC_WARN_ABOUT_RETURN_TYPE = YES_ERROR;
				GCC_WARN_UNDECLARED_SELECTOR = YES;
				GCC_WARN_UNINITIALIZED_AUTOS = YES_AGGRESSIVE;
				GCC_WARN_UNUSED_FUNCTION = YES;
				GCC_WARN_UNUSED_VARIABLE = YES;
				IPHONEOS_DEPLOYMENT_TARGET = 9.0;
				MTL_ENABLE_DEBUG_INFO = YES;
				ONLY_ACTIVE_ARCH = YES;
				PROVISIONING_PROFILE = "c0513dc5-10c4-4470-ae80-846ae785e9de";
				SDKROOT = iphoneos;
			};
			name = Debug;
		};
		21A1E44E1C12BEE40048BBE4 /* Release */ = {
			isa = XCBuildConfiguration;
			buildSettings = {
				ALWAYS_SEARCH_USER_PATHS = NO;
				CLANG_CXX_LANGUAGE_STANDARD = "gnu++0x";
				CLANG_CXX_LIBRARY = "libc++";
				CLANG_ENABLE_MODULES = YES;
				CLANG_ENABLE_OBJC_ARC = YES;
				CLANG_WARN_BOOL_CONVERSION = YES;
				CLANG_WARN_CONSTANT_CONVERSION = YES;
				CLANG_WARN_DIRECT_OBJC_ISA_USAGE = YES_ERROR;
				CLANG_WARN_EMPTY_BODY = YES;
				CLANG_WARN_ENUM_CONVERSION = YES;
				CLANG_WARN_INT_CONVERSION = YES;
				CLANG_WARN_OBJC_ROOT_CLASS = YES_ERROR;
				CLANG_WARN_UNREACHABLE_CODE = YES;
				CLANG_WARN__DUPLICATE_METHOD_MATCH = YES;
				CODE_SIGN_IDENTITY = "iPhone Distribution: Zhifang Weng (6T6K856R56)";
				"CODE_SIGN_IDENTITY[sdk=iphoneos*]" = "iPhone Distribution: Zhifang Weng (6T6K856R56)";
				COPY_PHASE_STRIP = NO;
				DEBUG_INFORMATION_FORMAT = "dwarf-with-dsym";
				ENABLE_NS_ASSERTIONS = NO;
				ENABLE_STRICT_OBJC_MSGSEND = YES;
				GCC_C_LANGUAGE_STANDARD = gnu99;
				GCC_NO_COMMON_BLOCKS = YES;
				GCC_WARN_64_TO_32_BIT_CONVERSION = YES;
				GCC_WARN_ABOUT_RETURN_TYPE = YES_ERROR;
				GCC_WARN_UNDECLARED_SELECTOR = YES;
				GCC_WARN_UNINITIALIZED_AUTOS = YES_AGGRESSIVE;
				GCC_WARN_UNUSED_FUNCTION = YES;
				GCC_WARN_UNUSED_VARIABLE = YES;
				IPHONEOS_DEPLOYMENT_TARGET = 9.0;
				MTL_ENABLE_DEBUG_INFO = NO;
				PROVISIONING_PROFILE = "c0513dc5-10c4-4470-ae80-846ae785e9de";
				SDKROOT = iphoneos;
				VALIDATE_PRODUCT = YES;
			};
			name = Release;
		};
		21A1E4501C12BEE40048BBE4 /* Debug */ = {
			isa = XCBuildConfiguration;
			buildSettings = {
				ASSETCATALOG_COMPILER_APPICON_NAME = AppIcon;
				ASSETCATALOG_COMPILER_LAUNCHIMAGE_NAME = LaunchImage;
				CODE_SIGN_IDENTITY = "iPhone Developer";
				"CODE_SIGN_IDENTITY[sdk=iphoneos*]" = "iPhone Distribution: Shanghai Yonglibao Financial Information Service Co., Ltd.";
				ENABLE_BITCODE = NO;
				FRAMEWORK_SEARCH_PATHS = (
					"$(inherited)",
					"$(PROJECT_DIR)/iPlayer/ThirdParty/ShareSDK",
					"$(PROJECT_DIR)/iPlayer/ThirdParty/ShareSDK/Support/Optional",
					"$(PROJECT_DIR)/iPlayer/ThirdParty/ShareSDK/Support/PlatformSDK/FacebookMessengerSDK",
					"$(PROJECT_DIR)/iPlayer/ThirdParty/ShareSDK/Support/PlatformSDK/KaKaoSDK",
					"$(PROJECT_DIR)/iPlayer/ThirdParty/ShareSDK/Support/PlatformSDK/QQSDK",
					"$(PROJECT_DIR)/iPlayer/ThirdParty/ShareSDK/Support/PlatformSDK/RenRenSDK",
					"$(PROJECT_DIR)/iPlayer/ThirdParty/ShareSDK/Support/Required",
					"$(PROJECT_DIR)/iPlayer/ThirdParty/SMS_SDK",
					"$(PROJECT_DIR)/iPlayer",
				);
				GCC_INCREASE_PRECOMPILED_HEADER_SHARING = YES;
				GCC_PRECOMPILE_PREFIX_HEADER = YES;
				GCC_PREFIX_HEADER = iPlayer/PrefixHeader.pch;
				INFOPLIST_FILE = iPlayer/Info.plist;
				IPHONEOS_DEPLOYMENT_TARGET = 7.0;
				LD_RUNPATH_SEARCH_PATHS = "$(inherited) @executable_path/Frameworks";
				LIBRARY_SEARCH_PATHS = (
					"$(inherited)",
					"$(PROJECT_DIR)/iPlayer/ThirdParty/ShareSDK/Support/PlatformSDK/APSocialSDK",
					"$(PROJECT_DIR)/iPlayer/ThirdParty/ShareSDK/Support/PlatformSDK/SinaWeiboSDK",
					"$(PROJECT_DIR)/iPlayer/ThirdParty/ShareSDK/Support/PlatformSDK/WeChatSDK",
					"$(PROJECT_DIR)/iPlayer/ThirdParty/ShareSDK/Support/PlatformSDK/YiXinSDK",
					"$(PROJECT_DIR)/iPlayer/lib",
				);
				OTHER_LDFLAGS = "-all_load";
				PRODUCT_BUNDLE_IDENTIFIER = com.wzf.player;
				PRODUCT_NAME = "$(TARGET_NAME)";
				PROVISIONING_PROFILE = "c0513dc5-10c4-4470-ae80-846ae785e9de";
			};
			name = Debug;
		};
		21A1E4511C12BEE40048BBE4 /* Release */ = {
			isa = XCBuildConfiguration;
			buildSettings = {
				ASSETCATALOG_COMPILER_APPICON_NAME = AppIcon;
				ASSETCATALOG_COMPILER_LAUNCHIMAGE_NAME = LaunchImage;
				CODE_SIGN_IDENTITY = "iPhone Developer";
				"CODE_SIGN_IDENTITY[sdk=iphoneos*]" = "iPhone Distribution: Shanghai Yonglibao Financial Information Service Co., Ltd.";
				ENABLE_BITCODE = NO;
				FRAMEWORK_SEARCH_PATHS = (
					"$(inherited)",
					"$(PROJECT_DIR)/iPlayer/ThirdParty/ShareSDK",
					"$(PROJECT_DIR)/iPlayer/ThirdParty/ShareSDK/Support/Optional",
					"$(PROJECT_DIR)/iPlayer/ThirdParty/ShareSDK/Support/PlatformSDK/FacebookMessengerSDK",
					"$(PROJECT_DIR)/iPlayer/ThirdParty/ShareSDK/Support/PlatformSDK/KaKaoSDK",
					"$(PROJECT_DIR)/iPlayer/ThirdParty/ShareSDK/Support/PlatformSDK/QQSDK",
					"$(PROJECT_DIR)/iPlayer/ThirdParty/ShareSDK/Support/PlatformSDK/RenRenSDK",
					"$(PROJECT_DIR)/iPlayer/ThirdParty/ShareSDK/Support/Required",
					"$(PROJECT_DIR)/iPlayer/ThirdParty/SMS_SDK",
					"$(PROJECT_DIR)/iPlayer",
				);
				GCC_INCREASE_PRECOMPILED_HEADER_SHARING = YES;
				GCC_PRECOMPILE_PREFIX_HEADER = YES;
				GCC_PREFIX_HEADER = iPlayer/PrefixHeader.pch;
				INFOPLIST_FILE = iPlayer/Info.plist;
				IPHONEOS_DEPLOYMENT_TARGET = 7.0;
				LD_RUNPATH_SEARCH_PATHS = "$(inherited) @executable_path/Frameworks";
				LIBRARY_SEARCH_PATHS = (
					"$(inherited)",
					"$(PROJECT_DIR)/iPlayer/ThirdParty/ShareSDK/Support/PlatformSDK/APSocialSDK",
					"$(PROJECT_DIR)/iPlayer/ThirdParty/ShareSDK/Support/PlatformSDK/SinaWeiboSDK",
					"$(PROJECT_DIR)/iPlayer/ThirdParty/ShareSDK/Support/PlatformSDK/WeChatSDK",
					"$(PROJECT_DIR)/iPlayer/ThirdParty/ShareSDK/Support/PlatformSDK/YiXinSDK",
					"$(PROJECT_DIR)/iPlayer/lib",
				);
				OTHER_LDFLAGS = "-all_load";
				PRODUCT_BUNDLE_IDENTIFIER = com.wzf.player;
				PRODUCT_NAME = "$(TARGET_NAME)";
				PROVISIONING_PROFILE = "c0513dc5-10c4-4470-ae80-846ae785e9de";
			};
			name = Release;
		};
		21A1E4531C12BEE40048BBE4 /* Debug */ = {
			isa = XCBuildConfiguration;
			buildSettings = {
				BUNDLE_LOADER = "$(TEST_HOST)";
				INFOPLIST_FILE = iPlayerTests/Info.plist;
				LD_RUNPATH_SEARCH_PATHS = "$(inherited) @executable_path/Frameworks @loader_path/Frameworks";
				PRODUCT_BUNDLE_IDENTIFIER = com.yonglibao.iPlayerTests;
				PRODUCT_NAME = "$(TARGET_NAME)";
				TEST_HOST = "$(BUILT_PRODUCTS_DIR)/iPlayer.app/iPlayer";
			};
			name = Debug;
		};
		21A1E4541C12BEE40048BBE4 /* Release */ = {
			isa = XCBuildConfiguration;
			buildSettings = {
				BUNDLE_LOADER = "$(TEST_HOST)";
				INFOPLIST_FILE = iPlayerTests/Info.plist;
				LD_RUNPATH_SEARCH_PATHS = "$(inherited) @executable_path/Frameworks @loader_path/Frameworks";
				PRODUCT_BUNDLE_IDENTIFIER = com.yonglibao.iPlayerTests;
				PRODUCT_NAME = "$(TARGET_NAME)";
				TEST_HOST = "$(BUILT_PRODUCTS_DIR)/iPlayer.app/iPlayer";
			};
			name = Release;
		};
		21A1E4561C12BEE40048BBE4 /* Debug */ = {
			isa = XCBuildConfiguration;
			buildSettings = {
				INFOPLIST_FILE = iPlayerUITests/Info.plist;
				LD_RUNPATH_SEARCH_PATHS = "$(inherited) @executable_path/Frameworks @loader_path/Frameworks";
				PRODUCT_BUNDLE_IDENTIFIER = com.yonglibao.iPlayerUITests;
				PRODUCT_NAME = "$(TARGET_NAME)";
				TEST_TARGET_NAME = iPlayer;
				USES_XCTRUNNER = YES;
			};
			name = Debug;
		};
		21A1E4571C12BEE40048BBE4 /* Release */ = {
			isa = XCBuildConfiguration;
			buildSettings = {
				INFOPLIST_FILE = iPlayerUITests/Info.plist;
				LD_RUNPATH_SEARCH_PATHS = "$(inherited) @executable_path/Frameworks @loader_path/Frameworks";
				PRODUCT_BUNDLE_IDENTIFIER = com.yonglibao.iPlayerUITests;
				PRODUCT_NAME = "$(TARGET_NAME)";
				TEST_TARGET_NAME = iPlayer;
				USES_XCTRUNNER = YES;
			};
			name = Release;
		};
/* End XCBuildConfiguration section */

/* Begin XCConfigurationList section */
		21A1E41A1C12BEE40048BBE4 /* Build configuration list for PBXProject "iPlayer" */ = {
			isa = XCConfigurationList;
			buildConfigurations = (
				21A1E44D1C12BEE40048BBE4 /* Debug */,
				21A1E44E1C12BEE40048BBE4 /* Release */,
			);
			defaultConfigurationIsVisible = 0;
			defaultConfigurationName = Release;
		};
		21A1E44F1C12BEE40048BBE4 /* Build configuration list for PBXNativeTarget "iPlayer" */ = {
			isa = XCConfigurationList;
			buildConfigurations = (
				21A1E4501C12BEE40048BBE4 /* Debug */,
				21A1E4511C12BEE40048BBE4 /* Release */,
			);
			defaultConfigurationIsVisible = 0;
			defaultConfigurationName = Release;
		};
		21A1E4521C12BEE40048BBE4 /* Build configuration list for PBXNativeTarget "iPlayerTests" */ = {
			isa = XCConfigurationList;
			buildConfigurations = (
				21A1E4531C12BEE40048BBE4 /* Debug */,
				21A1E4541C12BEE40048BBE4 /* Release */,
			);
			defaultConfigurationIsVisible = 0;
			defaultConfigurationName = Release;
		};
		21A1E4551C12BEE40048BBE4 /* Build configuration list for PBXNativeTarget "iPlayerUITests" */ = {
			isa = XCConfigurationList;
			buildConfigurations = (
				21A1E4561C12BEE40048BBE4 /* Debug */,
				21A1E4571C12BEE40048BBE4 /* Release */,
			);
			defaultConfigurationIsVisible = 0;
			defaultConfigurationName = Release;
		};
/* End XCConfigurationList section */
	};
	rootObject = 21A1E4171C12BEE40048BBE4 /* Project object */;
}
